// !$*UTF8*$!
{
	archiveVersion = 1;
	classes = {
	};
	objectVersion = 51;
	objects = {

/* Begin PBXBuildFile section */
		1E30E521252E06DD003EFA77 /* LoginFlow.storyboard in Resources */ = {isa = PBXBuildFile; fileRef = 1E30E520252E06DD003EFA77 /* LoginFlow.storyboard */; };
		1E30E529252E0707003EFA77 /* LoginViewController.swift in Sources */ = {isa = PBXBuildFile; fileRef = 1E30E528252E0707003EFA77 /* LoginViewController.swift */; };
		1E30E52E252E07FD003EFA77 /* ContentViewController.swift in Sources */ = {isa = PBXBuildFile; fileRef = 1E30E52D252E07FD003EFA77 /* ContentViewController.swift */; };
		1E30E53F252E096F003EFA77 /* LoginFormView.xib in Resources */ = {isa = PBXBuildFile; fileRef = 1E30E53E252E096F003EFA77 /* LoginFormView.xib */; };
		1E30E544252E097C003EFA77 /* LoginFormView.swift in Sources */ = {isa = PBXBuildFile; fileRef = 1E30E543252E097C003EFA77 /* LoginFormView.swift */; };
		1E544EAF252C72E600EA0BC1 /* AppDelegate.swift in Sources */ = {isa = PBXBuildFile; fileRef = 1E544EAE252C72E600EA0BC1 /* AppDelegate.swift */; };
		1E544EB8252C72E900EA0BC1 /* Assets.xcassets in Resources */ = {isa = PBXBuildFile; fileRef = 1E544EB7252C72E900EA0BC1 /* Assets.xcassets */; };
		1E544EBB252C72E900EA0BC1 /* LaunchScreen.storyboard in Resources */ = {isa = PBXBuildFile; fileRef = 1E544EB9252C72E900EA0BC1 /* LaunchScreen.storyboard */; };
		1E544EC6252C72EA00EA0BC1 /* TestProjectAppTests.swift in Sources */ = {isa = PBXBuildFile; fileRef = 1E544EC5252C72EA00EA0BC1 /* TestProjectAppTests.swift */; };
		1E544ED1252C72EA00EA0BC1 /* TestProjectAppUITests.swift in Sources */ = {isa = PBXBuildFile; fileRef = 1E544ED0252C72EA00EA0BC1 /* TestProjectAppUITests.swift */; };
		1E544F05252C766A00EA0BC1 /* Storyboards.swift in Sources */ = {isa = PBXBuildFile; fileRef = 1E544F01252C766900EA0BC1 /* Storyboards.swift */; };
		1E544F06252C766A00EA0BC1 /* XIBLocalizable.swift in Sources */ = {isa = PBXBuildFile; fileRef = 1E544F02252C766900EA0BC1 /* XIBLocalizable.swift */; };
		1E544F07252C766A00EA0BC1 /* Strings.swift in Sources */ = {isa = PBXBuildFile; fileRef = 1E544F03252C766900EA0BC1 /* Strings.swift */; };
		1E544F08252C766A00EA0BC1 /* Localizable.strings in Resources */ = {isa = PBXBuildFile; fileRef = 1E544F04252C766A00EA0BC1 /* Localizable.strings */; };
		1E71E1B1252C8242000DA792 /* LoginResponse.swift in Sources */ = {isa = PBXBuildFile; fileRef = 1E71E1B0252C8242000DA792 /* LoginResponse.swift */; };
		1E71E1C1252C845E000DA792 /* Endpoint.swift in Sources */ = {isa = PBXBuildFile; fileRef = 1E71E1C0252C845E000DA792 /* Endpoint.swift */; };
		1E71E1C9252C848F000DA792 /* TargetType.swift in Sources */ = {isa = PBXBuildFile; fileRef = 1E71E1C8252C848F000DA792 /* TargetType.swift */; };
		1E71E1CE252C84AE000DA792 /* Environment.swift in Sources */ = {isa = PBXBuildFile; fileRef = 1E71E1CD252C84AE000DA792 /* Environment.swift */; };
		1E71E1D7252C86B8000DA792 /* TestProjectAppTarget.swift in Sources */ = {isa = PBXBuildFile; fileRef = 1E71E1D6252C86B8000DA792 /* TestProjectAppTarget.swift */; };
		1E71E1F5252C8AD0000DA792 /* NetworkProvider.swift in Sources */ = {isa = PBXBuildFile; fileRef = 1E71E1F4252C8AD0000DA792 /* NetworkProvider.swift */; };
		1E71E1FF252C8C50000DA792 /* NetworkServiceFactory.swift in Sources */ = {isa = PBXBuildFile; fileRef = 1E71E1FE252C8C50000DA792 /* NetworkServiceFactory.swift */; };
		1E71E204252C8C83000DA792 /* UnauthorizedNetworkListener.swift in Sources */ = {isa = PBXBuildFile; fileRef = 1E71E203252C8C83000DA792 /* UnauthorizedNetworkListener.swift */; };
		1E71E20C252C8CB5000DA792 /* TestProjectAppService.swift in Sources */ = {isa = PBXBuildFile; fileRef = 1E71E20B252C8CB5000DA792 /* TestProjectAppService.swift */; };
		1E71E214252C8EF5000DA792 /* StatusRepresentable.swift in Sources */ = {isa = PBXBuildFile; fileRef = 1E71E213252C8EF5000DA792 /* StatusRepresentable.swift */; };
		1E71E21A252C8FC4000DA792 /* DataResponse.swift in Sources */ = {isa = PBXBuildFile; fileRef = 1E71E219252C8FC4000DA792 /* DataResponse.swift */; };
		1E71E225252C93F5000DA792 /* StatusResponse.swift in Sources */ = {isa = PBXBuildFile; fileRef = 1E71E224252C93F5000DA792 /* StatusResponse.swift */; };
		1E71E22B252C948A000DA792 /* EventLogger.swift in Sources */ = {isa = PBXBuildFile; fileRef = 1E71E22A252C948A000DA792 /* EventLogger.swift */; };
		1E71E240252C9821000DA792 /* Data+Decoded.swift in Sources */ = {isa = PBXBuildFile; fileRef = 1E71E23F252C9821000DA792 /* Data+Decoded.swift */; };
		1E71E249252C9854000DA792 /* Result.swift in Sources */ = {isa = PBXBuildFile; fileRef = 1E71E248252C9854000DA792 /* Result.swift */; };
		1E71E251252C9B06000DA792 /* SessionManager.swift in Sources */ = {isa = PBXBuildFile; fileRef = 1E71E250252C9B06000DA792 /* SessionManager.swift */; };
		1E71E269252CA3AE000DA792 /* PresentableError.swift in Sources */ = {isa = PBXBuildFile; fileRef = 1E71E268252CA3AE000DA792 /* PresentableError.swift */; };
		1E7B238B252E105D0028AE4A /* Typealias.swift in Sources */ = {isa = PBXBuildFile; fileRef = 1E7B238A252E105D0028AE4A /* Typealias.swift */; };
		1E7B2396252E10F90028AE4A /* Collection+Safe.swift in Sources */ = {isa = PBXBuildFile; fileRef = 1E7B2393252E10F90028AE4A /* Collection+Safe.swift */; };
		1E7B2397252E10F90028AE4A /* Array+Ext.swift in Sources */ = {isa = PBXBuildFile; fileRef = 1E7B2395252E10F90028AE4A /* Array+Ext.swift */; };
		1E7B23B0252E118C0028AE4A /* UIApplication+Ext.swift in Sources */ = {isa = PBXBuildFile; fileRef = 1E7B239E252E11890028AE4A /* UIApplication+Ext.swift */; };
		1E7B23B1252E118C0028AE4A /* UILabel+Ext.swift in Sources */ = {isa = PBXBuildFile; fileRef = 1E7B23A0252E11890028AE4A /* UILabel+Ext.swift */; };
		1E7B23B2252E118C0028AE4A /* UIButton+Ext.swift in Sources */ = {isa = PBXBuildFile; fileRef = 1E7B23A2252E118A0028AE4A /* UIButton+Ext.swift */; };
		1E7B23B3252E118C0028AE4A /* UIViewController+Child.swift in Sources */ = {isa = PBXBuildFile; fileRef = 1E7B23A4252E118A0028AE4A /* UIViewController+Child.swift */; };
		1E7B23B4252E118C0028AE4A /* UIViewController+Ext.swift in Sources */ = {isa = PBXBuildFile; fileRef = 1E7B23A5252E118A0028AE4A /* UIViewController+Ext.swift */; };
		1E7B23B5252E118C0028AE4A /* ViewStyler.swift in Sources */ = {isa = PBXBuildFile; fileRef = 1E7B23A6252E118A0028AE4A /* ViewStyler.swift */; };
		1E7B23B6252E118C0028AE4A /* UIColor+Shared.swift in Sources */ = {isa = PBXBuildFile; fileRef = 1E7B23A8252E118B0028AE4A /* UIColor+Shared.swift */; };
		1E7B23B7252E118C0028AE4A /* UIView+Custom.swift in Sources */ = {isa = PBXBuildFile; fileRef = 1E7B23AA252E118B0028AE4A /* UIView+Custom.swift */; };
		1E7B23B8252E118C0028AE4A /* NibLoadable.swift in Sources */ = {isa = PBXBuildFile; fileRef = 1E7B23AB252E118B0028AE4A /* NibLoadable.swift */; };
		1E7B23B9252E118C0028AE4A /* UIStoryboard+Ext.swift in Sources */ = {isa = PBXBuildFile; fileRef = 1E7B23AD252E118B0028AE4A /* UIStoryboard+Ext.swift */; };
		1E7B23BA252E118C0028AE4A /* UIWindow+Ext.swift in Sources */ = {isa = PBXBuildFile; fileRef = 1E7B23AF252E118C0028AE4A /* UIWindow+Ext.swift */; };
		1E7B23D3252E266B0028AE4A /* LoginFlowPresenter.swift in Sources */ = {isa = PBXBuildFile; fileRef = 1E7B23D2252E266B0028AE4A /* LoginFlowPresenter.swift */; };
		1E7B23D8252E267B0028AE4A /* LoginFlowInteractor.swift in Sources */ = {isa = PBXBuildFile; fileRef = 1E7B23D7252E267B0028AE4A /* LoginFlowInteractor.swift */; };
		1E7B23E3252E27A40028AE4A /* LoginFlowIO.swift in Sources */ = {isa = PBXBuildFile; fileRef = 1E7B23E2252E27A40028AE4A /* LoginFlowIO.swift */; };
		1E7B23F6252E296F0028AE4A /* ViewType.swift in Sources */ = {isa = PBXBuildFile; fileRef = 1E7B23F5252E296F0028AE4A /* ViewType.swift */; };
		1EF8CCD6252CB0E500A7AF19 /* NotificationCenterEvents.swift in Sources */ = {isa = PBXBuildFile; fileRef = 1EF8CCD5252CB0E500A7AF19 /* NotificationCenterEvents.swift */; };
		1EF8CCDB252CBE4100A7AF19 /* ApplicationSetup.swift in Sources */ = {isa = PBXBuildFile; fileRef = 1EF8CCDA252CBE4100A7AF19 /* ApplicationSetup.swift */; };
		39C3C6C840D81178D2CE61D7 /* Pods_TestProjectApp_Tests.framework in Frameworks */ = {isa = PBXBuildFile; fileRef = 4BE84D16FF7B986CC06EB74F /* Pods_TestProjectApp_Tests.framework */; };
		A7084D45AD710E942637BD0F /* libPods-TestProjectApp.a in Frameworks */ = {isa = PBXBuildFile; fileRef = D7CB6214DECA89CA4989B2A3 /* libPods-TestProjectApp.a */; };
/* End PBXBuildFile section */

/* Begin PBXContainerItemProxy section */
		1E544EC2252C72EA00EA0BC1 /* PBXContainerItemProxy */ = {
			isa = PBXContainerItemProxy;
			containerPortal = 1E544EA3252C72E600EA0BC1 /* Project object */;
			proxyType = 1;
			remoteGlobalIDString = 1E544EAA252C72E600EA0BC1;
			remoteInfo = AlarStudiosTestProjectApp;
		};
		1E544ECD252C72EA00EA0BC1 /* PBXContainerItemProxy */ = {
			isa = PBXContainerItemProxy;
			containerPortal = 1E544EA3252C72E600EA0BC1 /* Project object */;
			proxyType = 1;
			remoteGlobalIDString = 1E544EAA252C72E600EA0BC1;
			remoteInfo = AlarStudiosTestProjectApp;
		};
/* End PBXContainerItemProxy section */

/* Begin PBXFileReference section */
		0030E9B9B74766A541038CCA /* Pods-TestProjectApp.release.xcconfig */ = {isa = PBXFileReference; includeInIndex = 1; lastKnownFileType = text.xcconfig; name = "Pods-TestProjectApp.release.xcconfig"; path = "Target Support Files/Pods-TestProjectApp/Pods-TestProjectApp.release.xcconfig"; sourceTree = "<group>"; };
		0ABB180392FFBDA0508853AA /* Pods-TestProjectApp Tests.debug.xcconfig */ = {isa = PBXFileReference; includeInIndex = 1; lastKnownFileType = text.xcconfig; name = "Pods-TestProjectApp Tests.debug.xcconfig"; path = "Target Support Files/Pods-TestProjectApp Tests/Pods-TestProjectApp Tests.debug.xcconfig"; sourceTree = "<group>"; };
		1E0518D7252CCA9000AD573F /* TestProjectApp.entitlements */ = {isa = PBXFileReference; lastKnownFileType = text.plist.entitlements; path = TestProjectApp.entitlements; sourceTree = "<group>"; };
		1E30E520252E06DD003EFA77 /* LoginFlow.storyboard */ = {isa = PBXFileReference; lastKnownFileType = file.storyboard; path = LoginFlow.storyboard; sourceTree = "<group>"; };
		1E30E528252E0707003EFA77 /* LoginViewController.swift */ = {isa = PBXFileReference; lastKnownFileType = sourcecode.swift; path = LoginViewController.swift; sourceTree = "<group>"; };
		1E30E52D252E07FD003EFA77 /* ContentViewController.swift */ = {isa = PBXFileReference; lastKnownFileType = sourcecode.swift; path = ContentViewController.swift; sourceTree = "<group>"; };
		1E30E53E252E096F003EFA77 /* LoginFormView.xib */ = {isa = PBXFileReference; lastKnownFileType = file.xib; path = LoginFormView.xib; sourceTree = "<group>"; };
		1E30E543252E097C003EFA77 /* LoginFormView.swift */ = {isa = PBXFileReference; lastKnownFileType = sourcecode.swift; path = LoginFormView.swift; sourceTree = "<group>"; };
		1E544EAB252C72E600EA0BC1 /* TestProjectApp.app */ = {isa = PBXFileReference; explicitFileType = wrapper.application; includeInIndex = 0; path = TestProjectApp.app; sourceTree = BUILT_PRODUCTS_DIR; };
		1E544EAE252C72E600EA0BC1 /* AppDelegate.swift */ = {isa = PBXFileReference; lastKnownFileType = sourcecode.swift; path = AppDelegate.swift; sourceTree = "<group>"; };
		1E544EB7252C72E900EA0BC1 /* Assets.xcassets */ = {isa = PBXFileReference; lastKnownFileType = folder.assetcatalog; path = Assets.xcassets; sourceTree = "<group>"; };
		1E544EBA252C72E900EA0BC1 /* Base */ = {isa = PBXFileReference; lastKnownFileType = file.storyboard; name = Base; path = Base.lproj/LaunchScreen.storyboard; sourceTree = "<group>"; };
		1E544EBC252C72E900EA0BC1 /* Info.plist */ = {isa = PBXFileReference; lastKnownFileType = text.plist.xml; path = Info.plist; sourceTree = "<group>"; };
		1E544EC1252C72EA00EA0BC1 /* TestProjectApp Tests.xctest */ = {isa = PBXFileReference; explicitFileType = wrapper.cfbundle; includeInIndex = 0; path = "TestProjectApp Tests.xctest"; sourceTree = BUILT_PRODUCTS_DIR; };
		1E544EC5252C72EA00EA0BC1 /* TestProjectAppTests.swift */ = {isa = PBXFileReference; lastKnownFileType = sourcecode.swift; path = TestProjectAppTests.swift; sourceTree = "<group>"; };
		1E544EC7252C72EA00EA0BC1 /* Info.plist */ = {isa = PBXFileReference; lastKnownFileType = text.plist.xml; path = Info.plist; sourceTree = "<group>"; };
		1E544ECC252C72EA00EA0BC1 /* TestProjectApp UI Tests.xctest */ = {isa = PBXFileReference; explicitFileType = wrapper.cfbundle; includeInIndex = 0; path = "TestProjectApp UI Tests.xctest"; sourceTree = BUILT_PRODUCTS_DIR; };
		1E544ED0252C72EA00EA0BC1 /* TestProjectAppUITests.swift */ = {isa = PBXFileReference; lastKnownFileType = sourcecode.swift; path = TestProjectAppUITests.swift; sourceTree = "<group>"; };
		1E544ED2252C72EA00EA0BC1 /* Info.plist */ = {isa = PBXFileReference; lastKnownFileType = text.plist.xml; path = Info.plist; sourceTree = "<group>"; };
		1E544F01252C766900EA0BC1 /* Storyboards.swift */ = {isa = PBXFileReference; fileEncoding = 4; lastKnownFileType = sourcecode.swift; path = Storyboards.swift; sourceTree = "<group>"; };
		1E544F02252C766900EA0BC1 /* XIBLocalizable.swift */ = {isa = PBXFileReference; fileEncoding = 4; lastKnownFileType = sourcecode.swift; path = XIBLocalizable.swift; sourceTree = "<group>"; };
		1E544F03252C766900EA0BC1 /* Strings.swift */ = {isa = PBXFileReference; fileEncoding = 4; lastKnownFileType = sourcecode.swift; path = Strings.swift; sourceTree = "<group>"; };
		1E544F04252C766A00EA0BC1 /* Localizable.strings */ = {isa = PBXFileReference; fileEncoding = 4; lastKnownFileType = text.plist.strings; path = Localizable.strings; sourceTree = "<group>"; };
		1E71E1B0252C8242000DA792 /* LoginResponse.swift */ = {isa = PBXFileReference; lastKnownFileType = sourcecode.swift; path = LoginResponse.swift; sourceTree = "<group>"; };
		1E71E1C0252C845E000DA792 /* Endpoint.swift */ = {isa = PBXFileReference; lastKnownFileType = sourcecode.swift; path = Endpoint.swift; sourceTree = "<group>"; };
		1E71E1C8252C848F000DA792 /* TargetType.swift */ = {isa = PBXFileReference; lastKnownFileType = sourcecode.swift; path = TargetType.swift; sourceTree = "<group>"; };
		1E71E1CD252C84AE000DA792 /* Environment.swift */ = {isa = PBXFileReference; lastKnownFileType = sourcecode.swift; path = Environment.swift; sourceTree = "<group>"; };
		1E71E1D6252C86B8000DA792 /* TestProjectAppTarget.swift */ = {isa = PBXFileReference; lastKnownFileType = sourcecode.swift; path = TestProjectAppTarget.swift; sourceTree = "<group>"; };
		1E71E1F4252C8AD0000DA792 /* NetworkProvider.swift */ = {isa = PBXFileReference; lastKnownFileType = sourcecode.swift; path = NetworkProvider.swift; sourceTree = "<group>"; };
		1E71E1FE252C8C50000DA792 /* NetworkServiceFactory.swift */ = {isa = PBXFileReference; lastKnownFileType = sourcecode.swift; path = NetworkServiceFactory.swift; sourceTree = "<group>"; };
		1E71E203252C8C83000DA792 /* UnauthorizedNetworkListener.swift */ = {isa = PBXFileReference; lastKnownFileType = sourcecode.swift; path = UnauthorizedNetworkListener.swift; sourceTree = "<group>"; };
		1E71E20B252C8CB5000DA792 /* TestProjectAppService.swift */ = {isa = PBXFileReference; lastKnownFileType = sourcecode.swift; path = TestProjectAppService.swift; sourceTree = "<group>"; };
		1E71E213252C8EF5000DA792 /* StatusRepresentable.swift */ = {isa = PBXFileReference; lastKnownFileType = sourcecode.swift; path = StatusRepresentable.swift; sourceTree = "<group>"; };
		1E71E219252C8FC4000DA792 /* DataResponse.swift */ = {isa = PBXFileReference; lastKnownFileType = sourcecode.swift; path = DataResponse.swift; sourceTree = "<group>"; };
		1E71E224252C93F5000DA792 /* StatusResponse.swift */ = {isa = PBXFileReference; lastKnownFileType = sourcecode.swift; path = StatusResponse.swift; sourceTree = "<group>"; };
		1E71E22A252C948A000DA792 /* EventLogger.swift */ = {isa = PBXFileReference; lastKnownFileType = sourcecode.swift; path = EventLogger.swift; sourceTree = "<group>"; };
		1E71E23F252C9821000DA792 /* Data+Decoded.swift */ = {isa = PBXFileReference; lastKnownFileType = sourcecode.swift; path = "Data+Decoded.swift"; sourceTree = "<group>"; };
		1E71E248252C9854000DA792 /* Result.swift */ = {isa = PBXFileReference; lastKnownFileType = sourcecode.swift; path = Result.swift; sourceTree = "<group>"; };
		1E71E250252C9B06000DA792 /* SessionManager.swift */ = {isa = PBXFileReference; lastKnownFileType = sourcecode.swift; path = SessionManager.swift; sourceTree = "<group>"; };
		1E71E268252CA3AE000DA792 /* PresentableError.swift */ = {isa = PBXFileReference; lastKnownFileType = sourcecode.swift; path = PresentableError.swift; sourceTree = "<group>"; };
		1E7B238A252E105D0028AE4A /* Typealias.swift */ = {isa = PBXFileReference; lastKnownFileType = sourcecode.swift; path = Typealias.swift; sourceTree = "<group>"; };
		1E7B2393252E10F90028AE4A /* Collection+Safe.swift */ = {isa = PBXFileReference; fileEncoding = 4; lastKnownFileType = sourcecode.swift; path = "Collection+Safe.swift"; sourceTree = "<group>"; };
		1E7B2395252E10F90028AE4A /* Array+Ext.swift */ = {isa = PBXFileReference; fileEncoding = 4; lastKnownFileType = sourcecode.swift; path = "Array+Ext.swift"; sourceTree = "<group>"; };
		1E7B239E252E11890028AE4A /* UIApplication+Ext.swift */ = {isa = PBXFileReference; fileEncoding = 4; lastKnownFileType = sourcecode.swift; path = "UIApplication+Ext.swift"; sourceTree = "<group>"; };
		1E7B23A0252E11890028AE4A /* UILabel+Ext.swift */ = {isa = PBXFileReference; fileEncoding = 4; lastKnownFileType = sourcecode.swift; path = "UILabel+Ext.swift"; sourceTree = "<group>"; };
		1E7B23A2252E118A0028AE4A /* UIButton+Ext.swift */ = {isa = PBXFileReference; fileEncoding = 4; lastKnownFileType = sourcecode.swift; path = "UIButton+Ext.swift"; sourceTree = "<group>"; };
		1E7B23A4252E118A0028AE4A /* UIViewController+Child.swift */ = {isa = PBXFileReference; fileEncoding = 4; lastKnownFileType = sourcecode.swift; path = "UIViewController+Child.swift"; sourceTree = "<group>"; };
		1E7B23A5252E118A0028AE4A /* UIViewController+Ext.swift */ = {isa = PBXFileReference; fileEncoding = 4; lastKnownFileType = sourcecode.swift; path = "UIViewController+Ext.swift"; sourceTree = "<group>"; };
		1E7B23A6252E118A0028AE4A /* ViewStyler.swift */ = {isa = PBXFileReference; fileEncoding = 4; lastKnownFileType = sourcecode.swift; path = ViewStyler.swift; sourceTree = "<group>"; };
		1E7B23A8252E118B0028AE4A /* UIColor+Shared.swift */ = {isa = PBXFileReference; fileEncoding = 4; lastKnownFileType = sourcecode.swift; path = "UIColor+Shared.swift"; sourceTree = "<group>"; };
		1E7B23AA252E118B0028AE4A /* UIView+Custom.swift */ = {isa = PBXFileReference; fileEncoding = 4; lastKnownFileType = sourcecode.swift; path = "UIView+Custom.swift"; sourceTree = "<group>"; };
		1E7B23AB252E118B0028AE4A /* NibLoadable.swift */ = {isa = PBXFileReference; fileEncoding = 4; lastKnownFileType = sourcecode.swift; path = NibLoadable.swift; sourceTree = "<group>"; };
		1E7B23AD252E118B0028AE4A /* UIStoryboard+Ext.swift */ = {isa = PBXFileReference; fileEncoding = 4; lastKnownFileType = sourcecode.swift; path = "UIStoryboard+Ext.swift"; sourceTree = "<group>"; };
		1E7B23AF252E118C0028AE4A /* UIWindow+Ext.swift */ = {isa = PBXFileReference; fileEncoding = 4; lastKnownFileType = sourcecode.swift; path = "UIWindow+Ext.swift"; sourceTree = "<group>"; };
		1E7B23D2252E266B0028AE4A /* LoginFlowPresenter.swift */ = {isa = PBXFileReference; lastKnownFileType = sourcecode.swift; path = LoginFlowPresenter.swift; sourceTree = "<group>"; };
		1E7B23D7252E267B0028AE4A /* LoginFlowInteractor.swift */ = {isa = PBXFileReference; lastKnownFileType = sourcecode.swift; path = LoginFlowInteractor.swift; sourceTree = "<group>"; };
		1E7B23E2252E27A40028AE4A /* LoginFlowIO.swift */ = {isa = PBXFileReference; lastKnownFileType = sourcecode.swift; path = LoginFlowIO.swift; sourceTree = "<group>"; };
		1E7B23F5252E296F0028AE4A /* ViewType.swift */ = {isa = PBXFileReference; lastKnownFileType = sourcecode.swift; path = ViewType.swift; sourceTree = "<group>"; };
		1EF8CCD5252CB0E500A7AF19 /* NotificationCenterEvents.swift */ = {isa = PBXFileReference; lastKnownFileType = sourcecode.swift; path = NotificationCenterEvents.swift; sourceTree = "<group>"; };
		1EF8CCDA252CBE4100A7AF19 /* ApplicationSetup.swift */ = {isa = PBXFileReference; lastKnownFileType = sourcecode.swift; path = ApplicationSetup.swift; sourceTree = "<group>"; };
		21439E5FB8B5B0A625E5FB33 /* Pods-AlarStudiosTestProjectApp.release.xcconfig */ = {isa = PBXFileReference; includeInIndex = 1; lastKnownFileType = text.xcconfig; name = "Pods-AlarStudiosTestProjectApp.release.xcconfig"; path = "Target Support Files/Pods-AlarStudiosTestProjectApp/Pods-AlarStudiosTestProjectApp.release.xcconfig"; sourceTree = "<group>"; };
		2BA8E53A6555A9B5EE681301 /* Pods-AlarStudiosTestProjectAppTests.debug.xcconfig */ = {isa = PBXFileReference; includeInIndex = 1; lastKnownFileType = text.xcconfig; name = "Pods-AlarStudiosTestProjectAppTests.debug.xcconfig"; path = "Target Support Files/Pods-AlarStudiosTestProjectAppTests/Pods-AlarStudiosTestProjectAppTests.debug.xcconfig"; sourceTree = "<group>"; };
		3B5D896E8B15D5644EBF7EF8 /* Pods-TestProjectApp Tests.release.xcconfig */ = {isa = PBXFileReference; includeInIndex = 1; lastKnownFileType = text.xcconfig; name = "Pods-TestProjectApp Tests.release.xcconfig"; path = "Target Support Files/Pods-TestProjectApp Tests/Pods-TestProjectApp Tests.release.xcconfig"; sourceTree = "<group>"; };
		4BE84D16FF7B986CC06EB74F /* Pods_TestProjectApp_Tests.framework */ = {isa = PBXFileReference; explicitFileType = wrapper.framework; includeInIndex = 0; path = Pods_TestProjectApp_Tests.framework; sourceTree = BUILT_PRODUCTS_DIR; };
		51C7EC51D50311890D3649F0 /* Pods-AlarStudiosTestProjectApp.debug.xcconfig */ = {isa = PBXFileReference; includeInIndex = 1; lastKnownFileType = text.xcconfig; name = "Pods-AlarStudiosTestProjectApp.debug.xcconfig"; path = "Target Support Files/Pods-AlarStudiosTestProjectApp/Pods-AlarStudiosTestProjectApp.debug.xcconfig"; sourceTree = "<group>"; };
		9F270C3EDF5083E1D9E14474 /* Pods-AlarStudiosTestProjectAppTests.release.xcconfig */ = {isa = PBXFileReference; includeInIndex = 1; lastKnownFileType = text.xcconfig; name = "Pods-AlarStudiosTestProjectAppTests.release.xcconfig"; path = "Target Support Files/Pods-AlarStudiosTestProjectAppTests/Pods-AlarStudiosTestProjectAppTests.release.xcconfig"; sourceTree = "<group>"; };
		D6AE38EE3F9A896BE0A6749B /* Pods-TestProjectApp.debug.xcconfig */ = {isa = PBXFileReference; includeInIndex = 1; lastKnownFileType = text.xcconfig; name = "Pods-TestProjectApp.debug.xcconfig"; path = "Target Support Files/Pods-TestProjectApp/Pods-TestProjectApp.debug.xcconfig"; sourceTree = "<group>"; };
		D7CB6214DECA89CA4989B2A3 /* libPods-TestProjectApp.a */ = {isa = PBXFileReference; explicitFileType = archive.ar; includeInIndex = 0; path = "libPods-TestProjectApp.a"; sourceTree = BUILT_PRODUCTS_DIR; };
/* End PBXFileReference section */

/* Begin PBXFrameworksBuildPhase section */
		1E544EA8252C72E600EA0BC1 /* Frameworks */ = {
			isa = PBXFrameworksBuildPhase;
			buildActionMask = 2147483647;
			files = (
				A7084D45AD710E942637BD0F /* libPods-TestProjectApp.a in Frameworks */,
			);
			runOnlyForDeploymentPostprocessing = 0;
		};
		1E544EBE252C72EA00EA0BC1 /* Frameworks */ = {
			isa = PBXFrameworksBuildPhase;
			buildActionMask = 2147483647;
			files = (
				39C3C6C840D81178D2CE61D7 /* Pods_TestProjectApp_Tests.framework in Frameworks */,
			);
			runOnlyForDeploymentPostprocessing = 0;
		};
		1E544EC9252C72EA00EA0BC1 /* Frameworks */ = {
			isa = PBXFrameworksBuildPhase;
			buildActionMask = 2147483647;
			files = (
			);
			runOnlyForDeploymentPostprocessing = 0;
		};
/* End PBXFrameworksBuildPhase section */

/* Begin PBXGroup section */
		1E30E51F252E0697003EFA77 /* Modules */ = {
			isa = PBXGroup;
			children = (
				1E30E549252E0C94003EFA77 /* LoginFlowModule */,
			);
			path = Modules;
			sourceTree = "<group>";
		};
		1E30E549252E0C94003EFA77 /* LoginFlowModule */ = {
			isa = PBXGroup;
			children = (
				1E7B23E1252E26B00028AE4A /* View */,
				1E7B23E2252E27A40028AE4A /* LoginFlowIO.swift */,
				1E7B23D2252E266B0028AE4A /* LoginFlowPresenter.swift */,
				1E7B23D7252E267B0028AE4A /* LoginFlowInteractor.swift */,
			);
			path = LoginFlowModule;
			sourceTree = "<group>";
		};
		1E544EA2252C72E600EA0BC1 = {
			isa = PBXGroup;
			children = (
				1E544EAD252C72E600EA0BC1 /* TestProjectApp */,
				1E544F16252C78AB00EA0BC1 /* Tests */,
				1E544EAC252C72E600EA0BC1 /* Products */,
				25AAA7DF29772790208267C1 /* Pods */,
				851C15939B47F1E70F9ACD42 /* Frameworks */,
			);
			sourceTree = "<group>";
		};
		1E544EAC252C72E600EA0BC1 /* Products */ = {
			isa = PBXGroup;
			children = (
				1E544EAB252C72E600EA0BC1 /* TestProjectApp.app */,
				1E544EC1252C72EA00EA0BC1 /* TestProjectApp Tests.xctest */,
				1E544ECC252C72EA00EA0BC1 /* TestProjectApp UI Tests.xctest */,
			);
			name = Products;
			sourceTree = "<group>";
		};
		1E544EAD252C72E600EA0BC1 /* TestProjectApp */ = {
			isa = PBXGroup;
			children = (
				1E544EEA252C743C00EA0BC1 /* App */,
				1E544EEB252C744000EA0BC1 /* Resources */,
				1E30E51F252E0697003EFA77 /* Modules */,
				1E544EEC252C745300EA0BC1 /* Views */,
				1E71E1A5252C7C8D000DA792 /* Services */,
				1E71E23D252C9803000DA792 /* Utils */,
			);
			path = TestProjectApp;
			sourceTree = "<group>";
		};
		1E544EC4252C72EA00EA0BC1 /* TestProjectApp Tests */ = {
			isa = PBXGroup;
			children = (
				1E544EC7252C72EA00EA0BC1 /* Info.plist */,
				1E544EF1252C749400EA0BC1 /* Tests */,
			);
			path = "TestProjectApp Tests";
			sourceTree = "<group>";
		};
		1E544ECF252C72EA00EA0BC1 /* TestProjectApp UI Tests */ = {
			isa = PBXGroup;
			children = (
				1E544ED2252C72EA00EA0BC1 /* Info.plist */,
				1E544EF0252C748F00EA0BC1 /* Tests */,
			);
			path = "TestProjectApp UI Tests";
			sourceTree = "<group>";
		};
		1E544EEA252C743C00EA0BC1 /* App */ = {
			isa = PBXGroup;
			children = (
				1E0518D7252CCA9000AD573F /* TestProjectApp.entitlements */,
				1E544EBC252C72E900EA0BC1 /* Info.plist */,
				1E544EAE252C72E600EA0BC1 /* AppDelegate.swift */,
				1EF8CCDA252CBE4100A7AF19 /* ApplicationSetup.swift */,
			);
			path = App;
			sourceTree = "<group>";
		};
		1E544EEB252C744000EA0BC1 /* Resources */ = {
			isa = PBXGroup;
			children = (
				1E544EB7252C72E900EA0BC1 /* Assets.xcassets */,
				1E544F04252C766A00EA0BC1 /* Localizable.strings */,
				1E544F01252C766900EA0BC1 /* Storyboards.swift */,
				1E544F03252C766900EA0BC1 /* Strings.swift */,
				1E544F02252C766900EA0BC1 /* XIBLocalizable.swift */,
			);
			path = Resources;
			sourceTree = "<group>";
		};
		1E544EEC252C745300EA0BC1 /* Views */ = {
			isa = PBXGroup;
			children = (
				1E544EB9252C72E900EA0BC1 /* LaunchScreen.storyboard */,
			);
			path = Views;
			sourceTree = "<group>";
		};
		1E544EED252C746600EA0BC1 /* LoginForm */ = {
			isa = PBXGroup;
			children = (
				1E30E53E252E096F003EFA77 /* LoginFormView.xib */,
				1E30E543252E097C003EFA77 /* LoginFormView.swift */,
			);
			path = LoginForm;
			sourceTree = "<group>";
		};
		1E544EEE252C746B00EA0BC1 /* ElementList */ = {
			isa = PBXGroup;
			children = (
			);
			path = ElementList;
			sourceTree = "<group>";
		};
		1E544EF0252C748F00EA0BC1 /* Tests */ = {
			isa = PBXGroup;
			children = (
				1E544ED0252C72EA00EA0BC1 /* TestProjectAppUITests.swift */,
			);
			path = Tests;
			sourceTree = "<group>";
		};
		1E544EF1252C749400EA0BC1 /* Tests */ = {
			isa = PBXGroup;
			children = (
				1E544EC5252C72EA00EA0BC1 /* TestProjectAppTests.swift */,
			);
			path = Tests;
			sourceTree = "<group>";
		};
		1E544F16252C78AB00EA0BC1 /* Tests */ = {
			isa = PBXGroup;
			children = (
				1E544EC4252C72EA00EA0BC1 /* TestProjectApp Tests */,
				1E544ECF252C72EA00EA0BC1 /* TestProjectApp UI Tests */,
			);
			path = Tests;
			sourceTree = "<group>";
		};
		1E71E1A5252C7C8D000DA792 /* Services */ = {
			isa = PBXGroup;
			children = (
				1E71E229252C9475000DA792 /* Logger */,
				1E71E1A6252C7CA2000DA792 /* Networking */,
			);
			path = Services;
			sourceTree = "<group>";
		};
		1E71E1A6252C7CA2000DA792 /* Networking */ = {
			isa = PBXGroup;
			children = (
				1E71E1BF252C8452000DA792 /* Core */,
				1E71E1D5252C8690000DA792 /* Targets */,
				1E71E1AF252C8216000DA792 /* Codables */,
				1E71E20B252C8CB5000DA792 /* TestProjectAppService.swift */,
				1E71E1FE252C8C50000DA792 /* NetworkServiceFactory.swift */,
			);
			path = Networking;
			sourceTree = "<group>";
		};
		1E71E1AF252C8216000DA792 /* Codables */ = {
			isa = PBXGroup;
			children = (
				1E71E213252C8EF5000DA792 /* StatusRepresentable.swift */,
				1E71E1B0252C8242000DA792 /* LoginResponse.swift */,
				1E71E219252C8FC4000DA792 /* DataResponse.swift */,
				1E71E224252C93F5000DA792 /* StatusResponse.swift */,
			);
			path = Codables;
			sourceTree = "<group>";
		};
		1E71E1BF252C8452000DA792 /* Core */ = {
			isa = PBXGroup;
			children = (
				1E71E203252C8C83000DA792 /* UnauthorizedNetworkListener.swift */,
				1E71E1CD252C84AE000DA792 /* Environment.swift */,
				1E71E1C8252C848F000DA792 /* TargetType.swift */,
				1E71E1C0252C845E000DA792 /* Endpoint.swift */,
				1E71E1F4252C8AD0000DA792 /* NetworkProvider.swift */,
				1E71E250252C9B06000DA792 /* SessionManager.swift */,
			);
			path = Core;
			sourceTree = "<group>";
		};
		1E71E1D5252C8690000DA792 /* Targets */ = {
			isa = PBXGroup;
			children = (
				1E71E1D6252C86B8000DA792 /* TestProjectAppTarget.swift */,
			);
			path = Targets;
			sourceTree = "<group>";
		};
		1E71E229252C9475000DA792 /* Logger */ = {
			isa = PBXGroup;
			children = (
				1E71E22A252C948A000DA792 /* EventLogger.swift */,
			);
			path = Logger;
			sourceTree = "<group>";
		};
		1E71E23D252C9803000DA792 /* Utils */ = {
			isa = PBXGroup;
			children = (
				1E71E23E252C9810000DA792 /* Extensions */,
				1E71E248252C9854000DA792 /* Result.swift */,
				1E7B238A252E105D0028AE4A /* Typealias.swift */,
				1E7B23F5252E296F0028AE4A /* ViewType.swift */,
			);
			path = Utils;
			sourceTree = "<group>";
		};
		1E71E23E252C9810000DA792 /* Extensions */ = {
			isa = PBXGroup;
			children = (
				1E7B239C252E117F0028AE4A /* UIKit */,
				1E7B239B252E11490028AE4A /* Networking */,
				1E7B2392252E10DF0028AE4A /* Collections */,
				1E71E268252CA3AE000DA792 /* PresentableError.swift */,
				1EF8CCD5252CB0E500A7AF19 /* NotificationCenterEvents.swift */,
			);
			path = Extensions;
			sourceTree = "<group>";
		};
		1E7B2392252E10DF0028AE4A /* Collections */ = {
			isa = PBXGroup;
			children = (
				1E7B2394252E10F90028AE4A /* Array */,
				1E7B2393252E10F90028AE4A /* Collection+Safe.swift */,
			);
			path = Collections;
			sourceTree = "<group>";
		};
		1E7B2394252E10F90028AE4A /* Array */ = {
			isa = PBXGroup;
			children = (
				1E7B2395252E10F90028AE4A /* Array+Ext.swift */,
			);
			path = Array;
			sourceTree = "<group>";
		};
		1E7B239B252E11490028AE4A /* Networking */ = {
			isa = PBXGroup;
			children = (
				1E71E23F252C9821000DA792 /* Data+Decoded.swift */,
			);
			path = Networking;
			sourceTree = "<group>";
		};
		1E7B239C252E117F0028AE4A /* UIKit */ = {
			isa = PBXGroup;
			children = (
				1E7B239D252E11890028AE4A /* UIApplication */,
				1E7B23A1252E118A0028AE4A /* UIButton */,
				1E7B23A7252E118B0028AE4A /* UIColor */,
				1E7B239F252E11890028AE4A /* UILabel */,
				1E7B23AC252E118B0028AE4A /* UIStoryboard */,
				1E7B23A9252E118B0028AE4A /* UIView */,
				1E7B23A3252E118A0028AE4A /* UIViewController */,
				1E7B23AE252E118C0028AE4A /* UIWindow */,
				1E7B23A6252E118A0028AE4A /* ViewStyler.swift */,
			);
			path = UIKit;
			sourceTree = "<group>";
		};
		1E7B239D252E11890028AE4A /* UIApplication */ = {
			isa = PBXGroup;
			children = (
				1E7B239E252E11890028AE4A /* UIApplication+Ext.swift */,
			);
			path = UIApplication;
			sourceTree = "<group>";
		};
		1E7B239F252E11890028AE4A /* UILabel */ = {
			isa = PBXGroup;
			children = (
				1E7B23A0252E11890028AE4A /* UILabel+Ext.swift */,
			);
			path = UILabel;
			sourceTree = "<group>";
		};
		1E7B23A1252E118A0028AE4A /* UIButton */ = {
			isa = PBXGroup;
			children = (
				1E7B23A2252E118A0028AE4A /* UIButton+Ext.swift */,
			);
			path = UIButton;
			sourceTree = "<group>";
		};
		1E7B23A3252E118A0028AE4A /* UIViewController */ = {
			isa = PBXGroup;
			children = (
				1E7B23A4252E118A0028AE4A /* UIViewController+Child.swift */,
				1E7B23A5252E118A0028AE4A /* UIViewController+Ext.swift */,
			);
			path = UIViewController;
			sourceTree = "<group>";
		};
		1E7B23A7252E118B0028AE4A /* UIColor */ = {
			isa = PBXGroup;
			children = (
				1E7B23A8252E118B0028AE4A /* UIColor+Shared.swift */,
			);
			path = UIColor;
			sourceTree = "<group>";
		};
		1E7B23A9252E118B0028AE4A /* UIView */ = {
			isa = PBXGroup;
			children = (
				1E7B23AA252E118B0028AE4A /* UIView+Custom.swift */,
				1E7B23AB252E118B0028AE4A /* NibLoadable.swift */,
			);
			path = UIView;
			sourceTree = "<group>";
		};
		1E7B23AC252E118B0028AE4A /* UIStoryboard */ = {
			isa = PBXGroup;
			children = (
				1E7B23AD252E118B0028AE4A /* UIStoryboard+Ext.swift */,
			);
			path = UIStoryboard;
			sourceTree = "<group>";
		};
		1E7B23AE252E118C0028AE4A /* UIWindow */ = {
			isa = PBXGroup;
			children = (
				1E7B23AF252E118C0028AE4A /* UIWindow+Ext.swift */,
			);
			path = UIWindow;
			sourceTree = "<group>";
		};
		1E7B23E1252E26B00028AE4A /* View */ = {
			isa = PBXGroup;
			children = (
				1E544EED252C746600EA0BC1 /* LoginForm */,
				1E544EEE252C746B00EA0BC1 /* ElementList */,
				1E30E520252E06DD003EFA77 /* LoginFlow.storyboard */,
				1E30E528252E0707003EFA77 /* LoginViewController.swift */,
				1E30E52D252E07FD003EFA77 /* ContentViewController.swift */,
			);
			path = View;
			sourceTree = "<group>";
		};
		25AAA7DF29772790208267C1 /* Pods */ = {
			isa = PBXGroup;
			children = (
				51C7EC51D50311890D3649F0 /* Pods-AlarStudiosTestProjectApp.debug.xcconfig */,
				21439E5FB8B5B0A625E5FB33 /* Pods-AlarStudiosTestProjectApp.release.xcconfig */,
				2BA8E53A6555A9B5EE681301 /* Pods-AlarStudiosTestProjectAppTests.debug.xcconfig */,
				9F270C3EDF5083E1D9E14474 /* Pods-AlarStudiosTestProjectAppTests.release.xcconfig */,
				D6AE38EE3F9A896BE0A6749B /* Pods-TestProjectApp.debug.xcconfig */,
				0030E9B9B74766A541038CCA /* Pods-TestProjectApp.release.xcconfig */,
				0ABB180392FFBDA0508853AA /* Pods-TestProjectApp Tests.debug.xcconfig */,
				3B5D896E8B15D5644EBF7EF8 /* Pods-TestProjectApp Tests.release.xcconfig */,
			);
			path = Pods;
			sourceTree = "<group>";
		};
		851C15939B47F1E70F9ACD42 /* Frameworks */ = {
			isa = PBXGroup;
			children = (
				D7CB6214DECA89CA4989B2A3 /* libPods-TestProjectApp.a */,
				4BE84D16FF7B986CC06EB74F /* Pods_TestProjectApp_Tests.framework */,
			);
			name = Frameworks;
			sourceTree = "<group>";
		};
/* End PBXGroup section */

/* Begin PBXNativeTarget section */
		1E544EAA252C72E600EA0BC1 /* TestProjectApp */ = {
			isa = PBXNativeTarget;
			buildConfigurationList = 1E544ED5252C72EA00EA0BC1 /* Build configuration list for PBXNativeTarget "TestProjectApp" */;
			buildPhases = (
				95F5228CC2E937F812FB9A00 /* [CP] Check Pods Manifest.lock */,
				1E544EE3252C730300EA0BC1 /* Swiftlint */,
				1E544F00252C75C800EA0BC1 /* Codegen */,
				1E544EA7252C72E600EA0BC1 /* Sources */,
				1E544EA8252C72E600EA0BC1 /* Frameworks */,
				1E544EA9252C72E600EA0BC1 /* Resources */,
				9F05B4D383AC079D53C68255 /* [CP] Embed Pods Frameworks */,
			);
			buildRules = (
			);
			dependencies = (
			);
			name = TestProjectApp;
			productName = AlarStudiosTestProjectApp;
			productReference = 1E544EAB252C72E600EA0BC1 /* TestProjectApp.app */;
			productType = "com.apple.product-type.application";
		};
		1E544EC0252C72EA00EA0BC1 /* TestProjectApp Tests */ = {
			isa = PBXNativeTarget;
			buildConfigurationList = 1E544ED8252C72EA00EA0BC1 /* Build configuration list for PBXNativeTarget "TestProjectApp Tests" */;
			buildPhases = (
				B5AD1CC551E26908EEEE7BAA /* [CP] Check Pods Manifest.lock */,
				1E544EBD252C72EA00EA0BC1 /* Sources */,
				1E544EBE252C72EA00EA0BC1 /* Frameworks */,
				1E544EBF252C72EA00EA0BC1 /* Resources */,
			);
			buildRules = (
			);
			dependencies = (
				1E544EC3252C72EA00EA0BC1 /* PBXTargetDependency */,
			);
			name = "TestProjectApp Tests";
			productName = AlarStudiosTestProjectAppTests;
			productReference = 1E544EC1252C72EA00EA0BC1 /* TestProjectApp Tests.xctest */;
			productType = "com.apple.product-type.bundle.unit-test";
		};
		1E544ECB252C72EA00EA0BC1 /* TestProjectApp UI Tests */ = {
			isa = PBXNativeTarget;
			buildConfigurationList = 1E544EDB252C72EA00EA0BC1 /* Build configuration list for PBXNativeTarget "TestProjectApp UI Tests" */;
			buildPhases = (
				1E544EC8252C72EA00EA0BC1 /* Sources */,
				1E544EC9252C72EA00EA0BC1 /* Frameworks */,
				1E544ECA252C72EA00EA0BC1 /* Resources */,
			);
			buildRules = (
			);
			dependencies = (
				1E544ECE252C72EA00EA0BC1 /* PBXTargetDependency */,
			);
			name = "TestProjectApp UI Tests";
			productName = AlarStudiosTestProjectAppUITests;
			productReference = 1E544ECC252C72EA00EA0BC1 /* TestProjectApp UI Tests.xctest */;
			productType = "com.apple.product-type.bundle.ui-testing";
		};
/* End PBXNativeTarget section */

/* Begin PBXProject section */
		1E544EA3252C72E600EA0BC1 /* Project object */ = {
			isa = PBXProject;
			attributes = {
				KnownAssetTags = (
					1,
				);
				LastSwiftUpdateCheck = 1200;
				LastUpgradeCheck = 1200;
				TargetAttributes = {
					1E544EAA252C72E600EA0BC1 = {
						CreatedOnToolsVersion = 12.0.1;
					};
					1E544EC0252C72EA00EA0BC1 = {
						CreatedOnToolsVersion = 12.0.1;
						TestTargetID = 1E544EAA252C72E600EA0BC1;
					};
					1E544ECB252C72EA00EA0BC1 = {
						CreatedOnToolsVersion = 12.0.1;
						TestTargetID = 1E544EAA252C72E600EA0BC1;
					};
				};
			};
			buildConfigurationList = 1E544EA6252C72E600EA0BC1 /* Build configuration list for PBXProject "AlarStudiosTestProjectApp" */;
			compatibilityVersion = "Xcode 9.3";
			developmentRegion = en;
			hasScannedForEncodings = 0;
			knownRegions = (
				en,
				Base,
			);
			mainGroup = 1E544EA2252C72E600EA0BC1;
			productRefGroup = 1E544EAC252C72E600EA0BC1 /* Products */;
			projectDirPath = "";
			projectRoot = "";
			targets = (
				1E544EAA252C72E600EA0BC1 /* TestProjectApp */,
				1E544EC0252C72EA00EA0BC1 /* TestProjectApp Tests */,
				1E544ECB252C72EA00EA0BC1 /* TestProjectApp UI Tests */,
			);
		};
/* End PBXProject section */

/* Begin PBXResourcesBuildPhase section */
		1E544EA9252C72E600EA0BC1 /* Resources */ = {
			isa = PBXResourcesBuildPhase;
			buildActionMask = 2147483647;
			files = (
				1E544EBB252C72E900EA0BC1 /* LaunchScreen.storyboard in Resources */,
				1E30E53F252E096F003EFA77 /* LoginFormView.xib in Resources */,
				1E544F08252C766A00EA0BC1 /* Localizable.strings in Resources */,
				1E544EB8252C72E900EA0BC1 /* Assets.xcassets in Resources */,
				1E30E521252E06DD003EFA77 /* LoginFlow.storyboard in Resources */,
			);
			runOnlyForDeploymentPostprocessing = 0;
		};
		1E544EBF252C72EA00EA0BC1 /* Resources */ = {
			isa = PBXResourcesBuildPhase;
			buildActionMask = 2147483647;
			files = (
			);
			runOnlyForDeploymentPostprocessing = 0;
		};
		1E544ECA252C72EA00EA0BC1 /* Resources */ = {
			isa = PBXResourcesBuildPhase;
			buildActionMask = 2147483647;
			files = (
			);
			runOnlyForDeploymentPostprocessing = 0;
		};
/* End PBXResourcesBuildPhase section */

/* Begin PBXShellScriptBuildPhase section */
		1E544EE3252C730300EA0BC1 /* Swiftlint */ = {
			isa = PBXShellScriptBuildPhase;
			buildActionMask = 2147483647;
			files = (
			);
			inputFileListPaths = (
			);
			inputPaths = (
			);
			name = Swiftlint;
			outputFileListPaths = (
			);
			outputPaths = (
			);
			runOnlyForDeploymentPostprocessing = 0;
			shellPath = /bin/sh;
			shellScript = "if which swiftlint >/dev/null; then\n    git diff --name-only --diff-filter=d | egrep '\\.swift' | while read filename; do\n        swiftlint autocorrect --path \"$filename\"\n    done\n    \n    git diff --cached --name-only --diff-filter=d | egrep '\\.swift' | while read filename; do \n        swiftlint autocorrect --path \"$filename\"\n    done\nelse\n    echo \"warning: SwiftLint not installed, download from https://github.com/realm/SwiftLint\"\nfi\n";
		};
		1E544F00252C75C800EA0BC1 /* Codegen */ = {
			isa = PBXShellScriptBuildPhase;
			buildActionMask = 2147483647;
			files = (
			);
			inputFileListPaths = (
			);
			inputPaths = (
			);
			name = Codegen;
			outputFileListPaths = (
			);
			outputPaths = (
			);
			runOnlyForDeploymentPostprocessing = 0;
			shellPath = /bin/sh;
			shellScript = "PROJECT_DIR_GUARDED=$(printf %q \"$PROJECT_DIR\")\neval $PROJECT_DIR_GUARDED/scripts/code_gen.sh $PROJECT_DIR_GUARDED\n";
		};
		95F5228CC2E937F812FB9A00 /* [CP] Check Pods Manifest.lock */ = {
			isa = PBXShellScriptBuildPhase;
			buildActionMask = 2147483647;
			files = (
			);
			inputFileListPaths = (
			);
			inputPaths = (
				"${PODS_PODFILE_DIR_PATH}/Podfile.lock",
				"${PODS_ROOT}/Manifest.lock",
			);
			name = "[CP] Check Pods Manifest.lock";
			outputFileListPaths = (
			);
			outputPaths = (
				"$(DERIVED_FILE_DIR)/Pods-TestProjectApp-checkManifestLockResult.txt",
			);
			runOnlyForDeploymentPostprocessing = 0;
			shellPath = /bin/sh;
			shellScript = "diff \"${PODS_PODFILE_DIR_PATH}/Podfile.lock\" \"${PODS_ROOT}/Manifest.lock\" > /dev/null\nif [ $? != 0 ] ; then\n    # print error to STDERR\n    echo \"error: The sandbox is not in sync with the Podfile.lock. Run 'pod install' or update your CocoaPods installation.\" >&2\n    exit 1\nfi\n# This output is used by Xcode 'outputs' to avoid re-running this script phase.\necho \"SUCCESS\" > \"${SCRIPT_OUTPUT_FILE_0}\"\n";
			showEnvVarsInLog = 0;
		};
		9F05B4D383AC079D53C68255 /* [CP] Embed Pods Frameworks */ = {
			isa = PBXShellScriptBuildPhase;
			buildActionMask = 2147483647;
			files = (
			);
			inputFileListPaths = (
				"${PODS_ROOT}/Target Support Files/Pods-TestProjectApp/Pods-TestProjectApp-frameworks-${CONFIGURATION}-input-files.xcfilelist",
			);
			name = "[CP] Embed Pods Frameworks";
			outputFileListPaths = (
				"${PODS_ROOT}/Target Support Files/Pods-TestProjectApp/Pods-TestProjectApp-frameworks-${CONFIGURATION}-output-files.xcfilelist",
			);
			runOnlyForDeploymentPostprocessing = 0;
			shellPath = /bin/sh;
			shellScript = "\"${PODS_ROOT}/Target Support Files/Pods-TestProjectApp/Pods-TestProjectApp-frameworks.sh\"\n";
			showEnvVarsInLog = 0;
		};
		B5AD1CC551E26908EEEE7BAA /* [CP] Check Pods Manifest.lock */ = {
			isa = PBXShellScriptBuildPhase;
			buildActionMask = 2147483647;
			files = (
			);
			inputFileListPaths = (
			);
			inputPaths = (
				"${PODS_PODFILE_DIR_PATH}/Podfile.lock",
				"${PODS_ROOT}/Manifest.lock",
			);
			name = "[CP] Check Pods Manifest.lock";
			outputFileListPaths = (
			);
			outputPaths = (
				"$(DERIVED_FILE_DIR)/Pods-TestProjectApp Tests-checkManifestLockResult.txt",
			);
			runOnlyForDeploymentPostprocessing = 0;
			shellPath = /bin/sh;
			shellScript = "diff \"${PODS_PODFILE_DIR_PATH}/Podfile.lock\" \"${PODS_ROOT}/Manifest.lock\" > /dev/null\nif [ $? != 0 ] ; then\n    # print error to STDERR\n    echo \"error: The sandbox is not in sync with the Podfile.lock. Run 'pod install' or update your CocoaPods installation.\" >&2\n    exit 1\nfi\n# This output is used by Xcode 'outputs' to avoid re-running this script phase.\necho \"SUCCESS\" > \"${SCRIPT_OUTPUT_FILE_0}\"\n";
			showEnvVarsInLog = 0;
		};
/* End PBXShellScriptBuildPhase section */

/* Begin PBXSourcesBuildPhase section */
		1E544EA7252C72E600EA0BC1 /* Sources */ = {
			isa = PBXSourcesBuildPhase;
			buildActionMask = 2147483647;
			files = (
				1E7B23D8252E267B0028AE4A /* LoginFlowInteractor.swift in Sources */,
				1E7B23B0252E118C0028AE4A /* UIApplication+Ext.swift in Sources */,
				1E544F06252C766A00EA0BC1 /* XIBLocalizable.swift in Sources */,
				1E7B23B4252E118C0028AE4A /* UIViewController+Ext.swift in Sources */,
				1E71E1C1252C845E000DA792 /* Endpoint.swift in Sources */,
				1E7B23B9252E118C0028AE4A /* UIStoryboard+Ext.swift in Sources */,
				1E7B238B252E105D0028AE4A /* Typealias.swift in Sources */,
				1E71E1D7252C86B8000DA792 /* TestProjectAppTarget.swift in Sources */,
				1E7B23B3252E118C0028AE4A /* UIViewController+Child.swift in Sources */,
				1E71E1C9252C848F000DA792 /* TargetType.swift in Sources */,
				1E7B23B1252E118C0028AE4A /* UILabel+Ext.swift in Sources */,
				1E7B23B5252E118C0028AE4A /* ViewStyler.swift in Sources */,
				1E7B2396252E10F90028AE4A /* Collection+Safe.swift in Sources */,
				1E544F05252C766A00EA0BC1 /* Storyboards.swift in Sources */,
				1E30E544252E097C003EFA77 /* LoginFormView.swift in Sources */,
				1E7B23D3252E266B0028AE4A /* LoginFlowPresenter.swift in Sources */,
				1E544F07252C766A00EA0BC1 /* Strings.swift in Sources */,
				1E71E20C252C8CB5000DA792 /* TestProjectAppService.swift in Sources */,
				1E71E204252C8C83000DA792 /* UnauthorizedNetworkListener.swift in Sources */,
				1E71E269252CA3AE000DA792 /* PresentableError.swift in Sources */,
				1E71E251252C9B06000DA792 /* SessionManager.swift in Sources */,
				1EF8CCD6252CB0E500A7AF19 /* NotificationCenterEvents.swift in Sources */,
				1E30E52E252E07FD003EFA77 /* ContentViewController.swift in Sources */,
				1E71E1F5252C8AD0000DA792 /* NetworkProvider.swift in Sources */,
				1E71E214252C8EF5000DA792 /* StatusRepresentable.swift in Sources */,
				1E7B23B2252E118C0028AE4A /* UIButton+Ext.swift in Sources */,
				1E7B23B8252E118C0028AE4A /* NibLoadable.swift in Sources */,
				1E71E225252C93F5000DA792 /* StatusResponse.swift in Sources */,
				1E7B23E3252E27A40028AE4A /* LoginFlowIO.swift in Sources */,
				1E71E22B252C948A000DA792 /* EventLogger.swift in Sources */,
				1E71E240252C9821000DA792 /* Data+Decoded.swift in Sources */,
				1E544EAF252C72E600EA0BC1 /* AppDelegate.swift in Sources */,
				1E71E1B1252C8242000DA792 /* LoginResponse.swift in Sources */,
				1E71E1CE252C84AE000DA792 /* Environment.swift in Sources */,
				1E71E249252C9854000DA792 /* Result.swift in Sources */,
				1E71E1FF252C8C50000DA792 /* NetworkServiceFactory.swift in Sources */,
				1EF8CCDB252CBE4100A7AF19 /* ApplicationSetup.swift in Sources */,
				1E7B23B7252E118C0028AE4A /* UIView+Custom.swift in Sources */,
				1E7B2397252E10F90028AE4A /* Array+Ext.swift in Sources */,
				1E30E529252E0707003EFA77 /* LoginViewController.swift in Sources */,
				1E7B23B6252E118C0028AE4A /* UIColor+Shared.swift in Sources */,
				1E7B23F6252E296F0028AE4A /* ViewType.swift in Sources */,
				1E71E21A252C8FC4000DA792 /* DataResponse.swift in Sources */,
				1E7B23BA252E118C0028AE4A /* UIWindow+Ext.swift in Sources */,
			);
			runOnlyForDeploymentPostprocessing = 0;
		};
		1E544EBD252C72EA00EA0BC1 /* Sources */ = {
			isa = PBXSourcesBuildPhase;
			buildActionMask = 2147483647;
			files = (
				1E544EC6252C72EA00EA0BC1 /* TestProjectAppTests.swift in Sources */,
			);
			runOnlyForDeploymentPostprocessing = 0;
		};
		1E544EC8252C72EA00EA0BC1 /* Sources */ = {
			isa = PBXSourcesBuildPhase;
			buildActionMask = 2147483647;
			files = (
				1E544ED1252C72EA00EA0BC1 /* TestProjectAppUITests.swift in Sources */,
			);
			runOnlyForDeploymentPostprocessing = 0;
		};
/* End PBXSourcesBuildPhase section */

/* Begin PBXTargetDependency section */
		1E544EC3252C72EA00EA0BC1 /* PBXTargetDependency */ = {
			isa = PBXTargetDependency;
			target = 1E544EAA252C72E600EA0BC1 /* TestProjectApp */;
			targetProxy = 1E544EC2252C72EA00EA0BC1 /* PBXContainerItemProxy */;
		};
		1E544ECE252C72EA00EA0BC1 /* PBXTargetDependency */ = {
			isa = PBXTargetDependency;
			target = 1E544EAA252C72E600EA0BC1 /* TestProjectApp */;
			targetProxy = 1E544ECD252C72EA00EA0BC1 /* PBXContainerItemProxy */;
		};
/* End PBXTargetDependency section */

/* Begin PBXVariantGroup section */
		1E544EB9252C72E900EA0BC1 /* LaunchScreen.storyboard */ = {
			isa = PBXVariantGroup;
			children = (
				1E544EBA252C72E900EA0BC1 /* Base */,
			);
			name = LaunchScreen.storyboard;
			sourceTree = "<group>";
		};
/* End PBXVariantGroup section */

/* Begin XCBuildConfiguration section */
		1E544ED3252C72EA00EA0BC1 /* Debug */ = {
			isa = XCBuildConfiguration;
			buildSettings = {
				ALWAYS_SEARCH_USER_PATHS = NO;
				CLANG_ANALYZER_NONNULL = YES;
				CLANG_ANALYZER_NUMBER_OBJECT_CONVERSION = YES_AGGRESSIVE;
				CLANG_CXX_LANGUAGE_STANDARD = "gnu++14";
				CLANG_CXX_LIBRARY = "libc++";
				CLANG_ENABLE_MODULES = YES;
				CLANG_ENABLE_OBJC_ARC = YES;
				CLANG_ENABLE_OBJC_WEAK = YES;
				CLANG_WARN_BLOCK_CAPTURE_AUTORELEASING = YES;
				CLANG_WARN_BOOL_CONVERSION = YES;
				CLANG_WARN_COMMA = YES;
				CLANG_WARN_CONSTANT_CONVERSION = YES;
				CLANG_WARN_DEPRECATED_OBJC_IMPLEMENTATIONS = YES;
				CLANG_WARN_DIRECT_OBJC_ISA_USAGE = YES_ERROR;
				CLANG_WARN_DOCUMENTATION_COMMENTS = YES;
				CLANG_WARN_EMPTY_BODY = YES;
				CLANG_WARN_ENUM_CONVERSION = YES;
				CLANG_WARN_INFINITE_RECURSION = YES;
				CLANG_WARN_INT_CONVERSION = YES;
				CLANG_WARN_NON_LITERAL_NULL_CONVERSION = YES;
				CLANG_WARN_OBJC_IMPLICIT_RETAIN_SELF = YES;
				CLANG_WARN_OBJC_LITERAL_CONVERSION = YES;
				CLANG_WARN_OBJC_ROOT_CLASS = YES_ERROR;
				CLANG_WARN_QUOTED_INCLUDE_IN_FRAMEWORK_HEADER = YES;
				CLANG_WARN_RANGE_LOOP_ANALYSIS = YES;
				CLANG_WARN_STRICT_PROTOTYPES = YES;
				CLANG_WARN_SUSPICIOUS_MOVE = YES;
				CLANG_WARN_UNGUARDED_AVAILABILITY = YES_AGGRESSIVE;
				CLANG_WARN_UNREACHABLE_CODE = YES;
				CLANG_WARN__DUPLICATE_METHOD_MATCH = YES;
				COPY_PHASE_STRIP = NO;
				DEBUG_INFORMATION_FORMAT = dwarf;
				ENABLE_STRICT_OBJC_MSGSEND = YES;
				ENABLE_TESTABILITY = YES;
				GCC_C_LANGUAGE_STANDARD = gnu11;
				GCC_DYNAMIC_NO_PIC = NO;
				GCC_NO_COMMON_BLOCKS = YES;
				GCC_OPTIMIZATION_LEVEL = 0;
				GCC_PREPROCESSOR_DEFINITIONS = (
					"DEBUG=1",
					"$(inherited)",
				);
				GCC_WARN_64_TO_32_BIT_CONVERSION = YES;
				GCC_WARN_ABOUT_RETURN_TYPE = YES_ERROR;
				GCC_WARN_UNDECLARED_SELECTOR = YES;
				GCC_WARN_UNINITIALIZED_AUTOS = YES_AGGRESSIVE;
				GCC_WARN_UNUSED_FUNCTION = YES;
				GCC_WARN_UNUSED_VARIABLE = YES;
				IPHONEOS_DEPLOYMENT_TARGET = 14.0;
				MTL_ENABLE_DEBUG_INFO = INCLUDE_SOURCE;
				MTL_FAST_MATH = YES;
				ONLY_ACTIVE_ARCH = YES;
				SDKROOT = iphoneos;
				SWIFT_ACTIVE_COMPILATION_CONDITIONS = DEBUG;
				SWIFT_OPTIMIZATION_LEVEL = "-Onone";
			};
			name = Debug;
		};
		1E544ED4252C72EA00EA0BC1 /* Release */ = {
			isa = XCBuildConfiguration;
			buildSettings = {
				ALWAYS_SEARCH_USER_PATHS = NO;
				CLANG_ANALYZER_NONNULL = YES;
				CLANG_ANALYZER_NUMBER_OBJECT_CONVERSION = YES_AGGRESSIVE;
				CLANG_CXX_LANGUAGE_STANDARD = "gnu++14";
				CLANG_CXX_LIBRARY = "libc++";
				CLANG_ENABLE_MODULES = YES;
				CLANG_ENABLE_OBJC_ARC = YES;
				CLANG_ENABLE_OBJC_WEAK = YES;
				CLANG_WARN_BLOCK_CAPTURE_AUTORELEASING = YES;
				CLANG_WARN_BOOL_CONVERSION = YES;
				CLANG_WARN_COMMA = YES;
				CLANG_WARN_CONSTANT_CONVERSION = YES;
				CLANG_WARN_DEPRECATED_OBJC_IMPLEMENTATIONS = YES;
				CLANG_WARN_DIRECT_OBJC_ISA_USAGE = YES_ERROR;
				CLANG_WARN_DOCUMENTATION_COMMENTS = YES;
				CLANG_WARN_EMPTY_BODY = YES;
				CLANG_WARN_ENUM_CONVERSION = YES;
				CLANG_WARN_INFINITE_RECURSION = YES;
				CLANG_WARN_INT_CONVERSION = YES;
				CLANG_WARN_NON_LITERAL_NULL_CONVERSION = YES;
				CLANG_WARN_OBJC_IMPLICIT_RETAIN_SELF = YES;
				CLANG_WARN_OBJC_LITERAL_CONVERSION = YES;
				CLANG_WARN_OBJC_ROOT_CLASS = YES_ERROR;
				CLANG_WARN_QUOTED_INCLUDE_IN_FRAMEWORK_HEADER = YES;
				CLANG_WARN_RANGE_LOOP_ANALYSIS = YES;
				CLANG_WARN_STRICT_PROTOTYPES = YES;
				CLANG_WARN_SUSPICIOUS_MOVE = YES;
				CLANG_WARN_UNGUARDED_AVAILABILITY = YES_AGGRESSIVE;
				CLANG_WARN_UNREACHABLE_CODE = YES;
				CLANG_WARN__DUPLICATE_METHOD_MATCH = YES;
				COPY_PHASE_STRIP = NO;
				DEBUG_INFORMATION_FORMAT = "dwarf-with-dsym";
				ENABLE_NS_ASSERTIONS = NO;
				ENABLE_STRICT_OBJC_MSGSEND = YES;
				GCC_C_LANGUAGE_STANDARD = gnu11;
				GCC_NO_COMMON_BLOCKS = YES;
				GCC_WARN_64_TO_32_BIT_CONVERSION = YES;
				GCC_WARN_ABOUT_RETURN_TYPE = YES_ERROR;
				GCC_WARN_UNDECLARED_SELECTOR = YES;
				GCC_WARN_UNINITIALIZED_AUTOS = YES_AGGRESSIVE;
				GCC_WARN_UNUSED_FUNCTION = YES;
				GCC_WARN_UNUSED_VARIABLE = YES;
				IPHONEOS_DEPLOYMENT_TARGET = 14.0;
				MTL_ENABLE_DEBUG_INFO = NO;
				MTL_FAST_MATH = YES;
				SDKROOT = iphoneos;
				SWIFT_COMPILATION_MODE = wholemodule;
				SWIFT_OPTIMIZATION_LEVEL = "-O";
				VALIDATE_PRODUCT = YES;
			};
			name = Release;
		};
		1E544ED6252C72EA00EA0BC1 /* Debug */ = {
			isa = XCBuildConfiguration;
			baseConfigurationReference = D6AE38EE3F9A896BE0A6749B /* Pods-TestProjectApp.debug.xcconfig */;
			buildSettings = {
				ASSETCATALOG_COMPILER_APPICON_NAME = AppIcon;
				ASSETCATALOG_COMPILER_GLOBAL_ACCENT_COLOR_NAME = AccentColor;
				CODE_SIGN_ENTITLEMENTS = TestProjectApp/App/TestProjectApp.entitlements;
				CODE_SIGN_STYLE = Automatic;
				DEVELOPMENT_TEAM = U86R6SS748;
				INFOPLIST_FILE = TestProjectApp/App/Info.plist;
				IPHONEOS_DEPLOYMENT_TARGET = 12.0;
				LD_RUNPATH_SEARCH_PATHS = (
					"$(inherited)",
					"@executable_path/Frameworks",
				);
				PRODUCT_BUNDLE_IDENTIFIER = kikiwora.AlarStudiosTestProjectApp;
				PRODUCT_NAME = "$(TARGET_NAME)";
				SUPPORTS_MACCATALYST = YES;
				SWIFT_VERSION = 5.0;
				TARGETED_DEVICE_FAMILY = "1,2";
			};
			name = Debug;
		};
		1E544ED7252C72EA00EA0BC1 /* Release */ = {
			isa = XCBuildConfiguration;
			baseConfigurationReference = 0030E9B9B74766A541038CCA /* Pods-TestProjectApp.release.xcconfig */;
			buildSettings = {
				ASSETCATALOG_COMPILER_APPICON_NAME = AppIcon;
				ASSETCATALOG_COMPILER_GLOBAL_ACCENT_COLOR_NAME = AccentColor;
				CODE_SIGN_ENTITLEMENTS = TestProjectApp/App/TestProjectApp.entitlements;
				CODE_SIGN_STYLE = Automatic;
				DEVELOPMENT_TEAM = U86R6SS748;
				INFOPLIST_FILE = TestProjectApp/App/Info.plist;
				IPHONEOS_DEPLOYMENT_TARGET = 12.0;
				LD_RUNPATH_SEARCH_PATHS = (
					"$(inherited)",
					"@executable_path/Frameworks",
				);
				PRODUCT_BUNDLE_IDENTIFIER = kikiwora.AlarStudiosTestProjectApp;
				PRODUCT_NAME = "$(TARGET_NAME)";
				SUPPORTS_MACCATALYST = YES;
				SWIFT_VERSION = 5.0;
				TARGETED_DEVICE_FAMILY = "1,2";
			};
			name = Release;
		};
		1E544ED9252C72EA00EA0BC1 /* Debug */ = {
			isa = XCBuildConfiguration;
			baseConfigurationReference = 0ABB180392FFBDA0508853AA /* Pods-TestProjectApp Tests.debug.xcconfig */;
			buildSettings = {
				ALWAYS_EMBED_SWIFT_STANDARD_LIBRARIES = YES;
				BUNDLE_LOADER = "$(TEST_HOST)";
				CODE_SIGN_STYLE = Automatic;
				DEVELOPMENT_TEAM = U86R6SS748;
				INFOPLIST_FILE = "Tests/TestProjectApp Tests/Info.plist";
				IPHONEOS_DEPLOYMENT_TARGET = 14.0;
				LD_RUNPATH_SEARCH_PATHS = (
					"$(inherited)",
					"@executable_path/Frameworks",
					"@loader_path/Frameworks",
				);
				PRODUCT_BUNDLE_IDENTIFIER = kikiwora.AlarStudiosTestProjectAppTests;
				PRODUCT_NAME = "$(TARGET_NAME)";
				SWIFT_VERSION = 5.0;
				TARGETED_DEVICE_FAMILY = 1;
				TEST_HOST = "$(BUILT_PRODUCTS_DIR)/TestProjectApp.app/TestProjectApp";
			};
			name = Debug;
		};
		1E544EDA252C72EA00EA0BC1 /* Release */ = {
			isa = XCBuildConfiguration;
			baseConfigurationReference = 3B5D896E8B15D5644EBF7EF8 /* Pods-TestProjectApp Tests.release.xcconfig */;
			buildSettings = {
				ALWAYS_EMBED_SWIFT_STANDARD_LIBRARIES = YES;
				BUNDLE_LOADER = "$(TEST_HOST)";
				CODE_SIGN_STYLE = Automatic;
				DEVELOPMENT_TEAM = U86R6SS748;
				INFOPLIST_FILE = "Tests/TestProjectApp Tests/Info.plist";
				IPHONEOS_DEPLOYMENT_TARGET = 14.0;
				LD_RUNPATH_SEARCH_PATHS = (
					"$(inherited)",
					"@executable_path/Frameworks",
					"@loader_path/Frameworks",
				);
				PRODUCT_BUNDLE_IDENTIFIER = kikiwora.AlarStudiosTestProjectAppTests;
				PRODUCT_NAME = "$(TARGET_NAME)";
				SWIFT_VERSION = 5.0;
				TARGETED_DEVICE_FAMILY = 1;
				TEST_HOST = "$(BUILT_PRODUCTS_DIR)/TestProjectApp.app/TestProjectApp";
			};
			name = Release;
		};
		1E544EDC252C72EA00EA0BC1 /* Debug */ = {
			isa = XCBuildConfiguration;
			buildSettings = {
				ALWAYS_EMBED_SWIFT_STANDARD_LIBRARIES = YES;
				CODE_SIGN_STYLE = Automatic;
				DEVELOPMENT_TEAM = U86R6SS748;
				INFOPLIST_FILE = "Tests/TestProjectApp UI Tests/Info.plist";
				LD_RUNPATH_SEARCH_PATHS = (
					"$(inherited)",
					"@executable_path/Frameworks",
					"@loader_path/Frameworks",
				);
				PRODUCT_BUNDLE_IDENTIFIER = kikiwora.AlarStudiosTestProjectAppUITests;
				PRODUCT_NAME = "$(TARGET_NAME)";
				SWIFT_VERSION = 5.0;
				TARGETED_DEVICE_FAMILY = 1;
				TEST_TARGET_NAME = TestProjectApp;
			};
			name = Debug;
		};
		1E544EDD252C72EA00EA0BC1 /* Release */ = {
			isa = XCBuildConfiguration;
			buildSettings = {
				ALWAYS_EMBED_SWIFT_STANDARD_LIBRARIES = YES;
				CODE_SIGN_STYLE = Automatic;
				DEVELOPMENT_TEAM = U86R6SS748;
				INFOPLIST_FILE = "Tests/TestProjectApp UI Tests/Info.plist";
				LD_RUNPATH_SEARCH_PATHS = (
					"$(inherited)",
					"@executable_path/Frameworks",
					"@loader_path/Frameworks",
				);
				PRODUCT_BUNDLE_IDENTIFIER = kikiwora.AlarStudiosTestProjectAppUITests;
				PRODUCT_NAME = "$(TARGET_NAME)";
				SWIFT_VERSION = 5.0;
				TARGETED_DEVICE_FAMILY = 1;
				TEST_TARGET_NAME = TestProjectApp;
			};
			name = Release;
		};
/* End XCBuildConfiguration section */

/* Begin XCConfigurationList section */
		1E544EA6252C72E600EA0BC1 /* Build configuration list for PBXProject "AlarStudiosTestProjectApp" */ = {
			isa = XCConfigurationList;
			buildConfigurations = (
				1E544ED3252C72EA00EA0BC1 /* Debug */,
				1E544ED4252C72EA00EA0BC1 /* Release */,
			);
			defaultConfigurationIsVisible = 0;
			defaultConfigurationName = Release;
		};
		1E544ED5252C72EA00EA0BC1 /* Build configuration list for PBXNativeTarget "TestProjectApp" */ = {
			isa = XCConfigurationList;
			buildConfigurations = (
				1E544ED6252C72EA00EA0BC1 /* Debug */,
				1E544ED7252C72EA00EA0BC1 /* Release */,
			);
			defaultConfigurationIsVisible = 0;
			defaultConfigurationName = Release;
		};
		1E544ED8252C72EA00EA0BC1 /* Build configuration list for PBXNativeTarget "TestProjectApp Tests" */ = {
			isa = XCConfigurationList;
			buildConfigurations = (
				1E544ED9252C72EA00EA0BC1 /* Debug */,
				1E544EDA252C72EA00EA0BC1 /* Release */,
			);
			defaultConfigurationIsVisible = 0;
			defaultConfigurationName = Release;
		};
		1E544EDB252C72EA00EA0BC1 /* Build configuration list for PBXNativeTarget "TestProjectApp UI Tests" */ = {
			isa = XCConfigurationList;
			buildConfigurations = (
				1E544EDC252C72EA00EA0BC1 /* Debug */,
				1E544EDD252C72EA00EA0BC1 /* Release */,
			);
			defaultConfigurationIsVisible = 0;
			defaultConfigurationName = Release;
		};
/* End XCConfigurationList section */
	};
	rootObject = 1E544EA3252C72E600EA0BC1 /* Project object */;
}
