// !$*UTF8*$!
{
	archiveVersion = 1;
	classes = {
	};
	objectVersion = 50;
	objects = {

/* Begin PBXBuildFile section */
		1E544EAF252C72E600EA0BC1 /* AppDelegate.swift in Sources */ = {isa = PBXBuildFile; fileRef = 1E544EAE252C72E600EA0BC1 /* AppDelegate.swift */; };
		1E544EB1252C72E600EA0BC1 /* SceneDelegate.swift in Sources */ = {isa = PBXBuildFile; fileRef = 1E544EB0252C72E600EA0BC1 /* SceneDelegate.swift */; };
		1E544EB3252C72E600EA0BC1 /* ViewController.swift in Sources */ = {isa = PBXBuildFile; fileRef = 1E544EB2252C72E600EA0BC1 /* ViewController.swift */; };
		1E544EB6252C72E600EA0BC1 /* Main.storyboard in Resources */ = {isa = PBXBuildFile; fileRef = 1E544EB4252C72E600EA0BC1 /* Main.storyboard */; };
		1E544EB8252C72E900EA0BC1 /* Assets.xcassets in Resources */ = {isa = PBXBuildFile; fileRef = 1E544EB7252C72E900EA0BC1 /* Assets.xcassets */; };
		1E544EBB252C72E900EA0BC1 /* LaunchScreen.storyboard in Resources */ = {isa = PBXBuildFile; fileRef = 1E544EB9252C72E900EA0BC1 /* LaunchScreen.storyboard */; };
		1E544EC6252C72EA00EA0BC1 /* AlarStudiosTestProjectAppTests.swift in Sources */ = {isa = PBXBuildFile; fileRef = 1E544EC5252C72EA00EA0BC1 /* AlarStudiosTestProjectAppTests.swift */; };
		1E544ED1252C72EA00EA0BC1 /* AlarStudiosTestProjectAppUITests.swift in Sources */ = {isa = PBXBuildFile; fileRef = 1E544ED0252C72EA00EA0BC1 /* AlarStudiosTestProjectAppUITests.swift */; };
/* End PBXBuildFile section */

/* Begin PBXContainerItemProxy section */
		1E544EC2252C72EA00EA0BC1 /* PBXContainerItemProxy */ = {
			isa = PBXContainerItemProxy;
			containerPortal = 1E544EA3252C72E600EA0BC1 /* Project object */;
			proxyType = 1;
			remoteGlobalIDString = 1E544EAA252C72E600EA0BC1;
			remoteInfo = AlarStudiosTestProjectApp;
		};
		1E544ECD252C72EA00EA0BC1 /* PBXContainerItemProxy */ = {
			isa = PBXContainerItemProxy;
			containerPortal = 1E544EA3252C72E600EA0BC1 /* Project object */;
			proxyType = 1;
			remoteGlobalIDString = 1E544EAA252C72E600EA0BC1;
			remoteInfo = AlarStudiosTestProjectApp;
		};
/* End PBXContainerItemProxy section */

/* Begin PBXFileReference section */
		1E544EAB252C72E600EA0BC1 /* AlarStudiosTestProjectApp.app */ = {isa = PBXFileReference; explicitFileType = wrapper.application; includeInIndex = 0; path = AlarStudiosTestProjectApp.app; sourceTree = BUILT_PRODUCTS_DIR; };
		1E544EAE252C72E600EA0BC1 /* AppDelegate.swift */ = {isa = PBXFileReference; lastKnownFileType = sourcecode.swift; path = AppDelegate.swift; sourceTree = "<group>"; };
		1E544EB0252C72E600EA0BC1 /* SceneDelegate.swift */ = {isa = PBXFileReference; lastKnownFileType = sourcecode.swift; path = SceneDelegate.swift; sourceTree = "<group>"; };
		1E544EB2252C72E600EA0BC1 /* ViewController.swift */ = {isa = PBXFileReference; lastKnownFileType = sourcecode.swift; path = ViewController.swift; sourceTree = "<group>"; };
		1E544EB5252C72E600EA0BC1 /* Base */ = {isa = PBXFileReference; lastKnownFileType = file.storyboard; name = Base; path = Base.lproj/Main.storyboard; sourceTree = "<group>"; };
		1E544EB7252C72E900EA0BC1 /* Assets.xcassets */ = {isa = PBXFileReference; lastKnownFileType = folder.assetcatalog; path = Assets.xcassets; sourceTree = "<group>"; };
		1E544EBA252C72E900EA0BC1 /* Base */ = {isa = PBXFileReference; lastKnownFileType = file.storyboard; name = Base; path = Base.lproj/LaunchScreen.storyboard; sourceTree = "<group>"; };
		1E544EBC252C72E900EA0BC1 /* Info.plist */ = {isa = PBXFileReference; lastKnownFileType = text.plist.xml; path = Info.plist; sourceTree = "<group>"; };
		1E544EC1252C72EA00EA0BC1 /* AlarStudiosTestProjectAppTests.xctest */ = {isa = PBXFileReference; explicitFileType = wrapper.cfbundle; includeInIndex = 0; path = AlarStudiosTestProjectAppTests.xctest; sourceTree = BUILT_PRODUCTS_DIR; };
		1E544EC5252C72EA00EA0BC1 /* AlarStudiosTestProjectAppTests.swift */ = {isa = PBXFileReference; lastKnownFileType = sourcecode.swift; path = AlarStudiosTestProjectAppTests.swift; sourceTree = "<group>"; };
		1E544EC7252C72EA00EA0BC1 /* Info.plist */ = {isa = PBXFileReference; lastKnownFileType = text.plist.xml; path = Info.plist; sourceTree = "<group>"; };
		1E544ECC252C72EA00EA0BC1 /* AlarStudiosTestProjectAppUITests.xctest */ = {isa = PBXFileReference; explicitFileType = wrapper.cfbundle; includeInIndex = 0; path = AlarStudiosTestProjectAppUITests.xctest; sourceTree = BUILT_PRODUCTS_DIR; };
		1E544ED0252C72EA00EA0BC1 /* AlarStudiosTestProjectAppUITests.swift */ = {isa = PBXFileReference; lastKnownFileType = sourcecode.swift; path = AlarStudiosTestProjectAppUITests.swift; sourceTree = "<group>"; };
		1E544ED2252C72EA00EA0BC1 /* Info.plist */ = {isa = PBXFileReference; lastKnownFileType = text.plist.xml; path = Info.plist; sourceTree = "<group>"; };
/* End PBXFileReference section */

/* Begin PBXFrameworksBuildPhase section */
		1E544EA8252C72E600EA0BC1 /* Frameworks */ = {
			isa = PBXFrameworksBuildPhase;
			buildActionMask = 2147483647;
			files = (
			);
			runOnlyForDeploymentPostprocessing = 0;
		};
		1E544EBE252C72EA00EA0BC1 /* Frameworks */ = {
			isa = PBXFrameworksBuildPhase;
			buildActionMask = 2147483647;
			files = (
			);
			runOnlyForDeploymentPostprocessing = 0;
		};
		1E544EC9252C72EA00EA0BC1 /* Frameworks */ = {
			isa = PBXFrameworksBuildPhase;
			buildActionMask = 2147483647;
			files = (
			);
			runOnlyForDeploymentPostprocessing = 0;
		};
/* End PBXFrameworksBuildPhase section */

/* Begin PBXGroup section */
		1E544EA2252C72E600EA0BC1 = {
			isa = PBXGroup;
			children = (
				1E544EAD252C72E600EA0BC1 /* AlarStudiosTestProjectApp */,
				1E544EC4252C72EA00EA0BC1 /* AlarStudiosTestProjectAppTests */,
				1E544ECF252C72EA00EA0BC1 /* AlarStudiosTestProjectAppUITests */,
				1E544EAC252C72E600EA0BC1 /* Products */,
			);
			sourceTree = "<group>";
		};
		1E544EAC252C72E600EA0BC1 /* Products */ = {
			isa = PBXGroup;
			children = (
				1E544EAB252C72E600EA0BC1 /* AlarStudiosTestProjectApp.app */,
				1E544EC1252C72EA00EA0BC1 /* AlarStudiosTestProjectAppTests.xctest */,
				1E544ECC252C72EA00EA0BC1 /* AlarStudiosTestProjectAppUITests.xctest */,
			);
			name = Products;
			sourceTree = "<group>";
		};
		1E544EAD252C72E600EA0BC1 /* AlarStudiosTestProjectApp */ = {
			isa = PBXGroup;
			children = (
				1E544EAE252C72E600EA0BC1 /* AppDelegate.swift */,
				1E544EB0252C72E600EA0BC1 /* SceneDelegate.swift */,
				1E544EB2252C72E600EA0BC1 /* ViewController.swift */,
				1E544EB4252C72E600EA0BC1 /* Main.storyboard */,
				1E544EB7252C72E900EA0BC1 /* Assets.xcassets */,
				1E544EB9252C72E900EA0BC1 /* LaunchScreen.storyboard */,
				1E544EBC252C72E900EA0BC1 /* Info.plist */,
			);
			path = AlarStudiosTestProjectApp;
			sourceTree = "<group>";
		};
		1E544EC4252C72EA00EA0BC1 /* AlarStudiosTestProjectAppTests */ = {
			isa = PBXGroup;
			children = (
				1E544EC5252C72EA00EA0BC1 /* AlarStudiosTestProjectAppTests.swift */,
				1E544EC7252C72EA00EA0BC1 /* Info.plist */,
			);
			path = AlarStudiosTestProjectAppTests;
			sourceTree = "<group>";
		};
		1E544ECF252C72EA00EA0BC1 /* AlarStudiosTestProjectAppUITests */ = {
			isa = PBXGroup;
			children = (
				1E544ED0252C72EA00EA0BC1 /* AlarStudiosTestProjectAppUITests.swift */,
				1E544ED2252C72EA00EA0BC1 /* Info.plist */,
			);
			path = AlarStudiosTestProjectAppUITests;
			sourceTree = "<group>";
		};
/* End PBXGroup section */

/* Begin PBXNativeTarget section */
		1E544EAA252C72E600EA0BC1 /* AlarStudiosTestProjectApp */ = {
			isa = PBXNativeTarget;
			buildConfigurationList = 1E544ED5252C72EA00EA0BC1 /* Build configuration list for PBXNativeTarget "AlarStudiosTestProjectApp" */;
			buildPhases = (
				1E544EA7252C72E600EA0BC1 /* Sources */,
				1E544EA8252C72E600EA0BC1 /* Frameworks */,
				1E544EA9252C72E600EA0BC1 /* Resources */,
			);
			buildRules = (
			);
			dependencies = (
			);
			name = AlarStudiosTestProjectApp;
			productName = AlarStudiosTestProjectApp;
			productReference = 1E544EAB252C72E600EA0BC1 /* AlarStudiosTestProjectApp.app */;
			productType = "com.apple.product-type.application";
		};
		1E544EC0252C72EA00EA0BC1 /* AlarStudiosTestProjectAppTests */ = {
			isa = PBXNativeTarget;
			buildConfigurationList = 1E544ED8252C72EA00EA0BC1 /* Build configuration list for PBXNativeTarget "AlarStudiosTestProjectAppTests" */;
			buildPhases = (
				1E544EBD252C72EA00EA0BC1 /* Sources */,
				1E544EBE252C72EA00EA0BC1 /* Frameworks */,
				1E544EBF252C72EA00EA0BC1 /* Resources */,
			);
			buildRules = (
			);
			dependencies = (
				1E544EC3252C72EA00EA0BC1 /* PBXTargetDependency */,
			);
			name = AlarStudiosTestProjectAppTests;
			productName = AlarStudiosTestProjectAppTests;
			productReference = 1E544EC1252C72EA00EA0BC1 /* AlarStudiosTestProjectAppTests.xctest */;
			productType = "com.apple.product-type.bundle.unit-test";
		};
		1E544ECB252C72EA00EA0BC1 /* AlarStudiosTestProjectAppUITests */ = {
			isa = PBXNativeTarget;
			buildConfigurationList = 1E544EDB252C72EA00EA0BC1 /* Build configuration list for PBXNativeTarget "AlarStudiosTestProjectAppUITests" */;
			buildPhases = (
				1E544EC8252C72EA00EA0BC1 /* Sources */,
				1E544EC9252C72EA00EA0BC1 /* Frameworks */,
				1E544ECA252C72EA00EA0BC1 /* Resources */,
			);
			buildRules = (
			);
			dependencies = (
				1E544ECE252C72EA00EA0BC1 /* PBXTargetDependency */,
			);
			name = AlarStudiosTestProjectAppUITests;
			productName = AlarStudiosTestProjectAppUITests;
			productReference = 1E544ECC252C72EA00EA0BC1 /* AlarStudiosTestProjectAppUITests.xctest */;
			productType = "com.apple.product-type.bundle.ui-testing";
		};
/* End PBXNativeTarget section */

/* Begin PBXProject section */
		1E544EA3252C72E600EA0BC1 /* Project object */ = {
			isa = PBXProject;
			attributes = {
				LastSwiftUpdateCheck = 1200;
				LastUpgradeCheck = 1200;
				TargetAttributes = {
					1E544EAA252C72E600EA0BC1 = {
						CreatedOnToolsVersion = 12.0.1;
					};
					1E544EC0252C72EA00EA0BC1 = {
						CreatedOnToolsVersion = 12.0.1;
						TestTargetID = 1E544EAA252C72E600EA0BC1;
					};
					1E544ECB252C72EA00EA0BC1 = {
						CreatedOnToolsVersion = 12.0.1;
						TestTargetID = 1E544EAA252C72E600EA0BC1;
					};
				};
			};
			buildConfigurationList = 1E544EA6252C72E600EA0BC1 /* Build configuration list for PBXProject "AlarStudiosTestProjectApp" */;
			compatibilityVersion = "Xcode 9.3";
			developmentRegion = en;
			hasScannedForEncodings = 0;
			knownRegions = (
				en,
				Base,
			);
			mainGroup = 1E544EA2252C72E600EA0BC1;
			productRefGroup = 1E544EAC252C72E600EA0BC1 /* Products */;
			projectDirPath = "";
			projectRoot = "";
			targets = (
				1E544EAA252C72E600EA0BC1 /* AlarStudiosTestProjectApp */,
				1E544EC0252C72EA00EA0BC1 /* AlarStudiosTestProjectAppTests */,
				1E544ECB252C72EA00EA0BC1 /* AlarStudiosTestProjectAppUITests */,
			);
		};
/* End PBXProject section */

/* Begin PBXResourcesBuildPhase section */
		1E544EA9252C72E600EA0BC1 /* Resources */ = {
			isa = PBXResourcesBuildPhase;
			buildActionMask = 2147483647;
			files = (
				1E544EBB252C72E900EA0BC1 /* LaunchScreen.storyboard in Resources */,
				1E544EB8252C72E900EA0BC1 /* Assets.xcassets in Resources */,
				1E544EB6252C72E600EA0BC1 /* Main.storyboard in Resources */,
			);
			runOnlyForDeploymentPostprocessing = 0;
		};
		1E544EBF252C72EA00EA0BC1 /* Resources */ = {
			isa = PBXResourcesBuildPhase;
			buildActionMask = 2147483647;
			files = (
			);
			runOnlyForDeploymentPostprocessing = 0;
		};
		1E544ECA252C72EA00EA0BC1 /* Resources */ = {
			isa = PBXResourcesBuildPhase;
			buildActionMask = 2147483647;
			files = (
			);
			runOnlyForDeploymentPostprocessing = 0;
		};
/* End PBXResourcesBuildPhase section */

/* Begin PBXSourcesBuildPhase section */
		1E544EA7252C72E600EA0BC1 /* Sources */ = {
			isa = PBXSourcesBuildPhase;
			buildActionMask = 2147483647;
			files = (
				1E544EB3252C72E600EA0BC1 /* ViewController.swift in Sources */,
				1E544EAF252C72E600EA0BC1 /* AppDelegate.swift in Sources */,
				1E544EB1252C72E600EA0BC1 /* SceneDelegate.swift in Sources */,
			);
			runOnlyForDeploymentPostprocessing = 0;
		};
		1E544EBD252C72EA00EA0BC1 /* Sources */ = {
			isa = PBXSourcesBuildPhase;
			buildActionMask = 2147483647;
			files = (
				1E544EC6252C72EA00EA0BC1 /* AlarStudiosTestProjectAppTests.swift in Sources */,
			);
			runOnlyForDeploymentPostprocessing = 0;
		};
		1E544EC8252C72EA00EA0BC1 /* Sources */ = {
			isa = PBXSourcesBuildPhase;
			buildActionMask = 2147483647;
			files = (
				1E544ED1252C72EA00EA0BC1 /* AlarStudiosTestProjectAppUITests.swift in Sources */,
			);
			runOnlyForDeploymentPostprocessing = 0;
		};
/* End PBXSourcesBuildPhase section */

/* Begin PBXTargetDependency section */
		1E544EC3252C72EA00EA0BC1 /* PBXTargetDependency */ = {
			isa = PBXTargetDependency;
			target = 1E544EAA252C72E600EA0BC1 /* AlarStudiosTestProjectApp */;
			targetProxy = 1E544EC2252C72EA00EA0BC1 /* PBXContainerItemProxy */;
		};
		1E544ECE252C72EA00EA0BC1 /* PBXTargetDependency */ = {
			isa = PBXTargetDependency;
			target = 1E544EAA252C72E600EA0BC1 /* AlarStudiosTestProjectApp */;
			targetProxy = 1E544ECD252C72EA00EA0BC1 /* PBXContainerItemProxy */;
		};
/* End PBXTargetDependency section */

/* Begin PBXVariantGroup section */
		1E544EB4252C72E600EA0BC1 /* Main.storyboard */ = {
			isa = PBXVariantGroup;
			children = (
				1E544EB5252C72E600EA0BC1 /* Base */,
			);
			name = Main.storyboard;
			sourceTree = "<group>";
		};
		1E544EB9252C72E900EA0BC1 /* LaunchScreen.storyboard */ = {
			isa = PBXVariantGroup;
			children = (
				1E544EBA252C72E900EA0BC1 /* Base */,
			);
			name = LaunchScreen.storyboard;
			sourceTree = "<group>";
		};
/* End PBXVariantGroup section */

/* Begin XCBuildConfiguration section */
		1E544ED3252C72EA00EA0BC1 /* Debug */ = {
			isa = XCBuildConfiguration;
			buildSettings = {
				ALWAYS_SEARCH_USER_PATHS = NO;
				CLANG_ANALYZER_NONNULL = YES;
				CLANG_ANALYZER_NUMBER_OBJECT_CONVERSION = YES_AGGRESSIVE;
				CLANG_CXX_LANGUAGE_STANDARD = "gnu++14";
				CLANG_CXX_LIBRARY = "libc++";
				CLANG_ENABLE_MODULES = YES;
				CLANG_ENABLE_OBJC_ARC = YES;
				CLANG_ENABLE_OBJC_WEAK = YES;
				CLANG_WARN_BLOCK_CAPTURE_AUTORELEASING = YES;
				CLANG_WARN_BOOL_CONVERSION = YES;
				CLANG_WARN_COMMA = YES;
				CLANG_WARN_CONSTANT_CONVERSION = YES;
				CLANG_WARN_DEPRECATED_OBJC_IMPLEMENTATIONS = YES;
				CLANG_WARN_DIRECT_OBJC_ISA_USAGE = YES_ERROR;
				CLANG_WARN_DOCUMENTATION_COMMENTS = YES;
				CLANG_WARN_EMPTY_BODY = YES;
				CLANG_WARN_ENUM_CONVERSION = YES;
				CLANG_WARN_INFINITE_RECURSION = YES;
				CLANG_WARN_INT_CONVERSION = YES;
				CLANG_WARN_NON_LITERAL_NULL_CONVERSION = YES;
				CLANG_WARN_OBJC_IMPLICIT_RETAIN_SELF = YES;
				CLANG_WARN_OBJC_LITERAL_CONVERSION = YES;
				CLANG_WARN_OBJC_ROOT_CLASS = YES_ERROR;
				CLANG_WARN_QUOTED_INCLUDE_IN_FRAMEWORK_HEADER = YES;
				CLANG_WARN_RANGE_LOOP_ANALYSIS = YES;
				CLANG_WARN_STRICT_PROTOTYPES = YES;
				CLANG_WARN_SUSPICIOUS_MOVE = YES;
				CLANG_WARN_UNGUARDED_AVAILABILITY = YES_AGGRESSIVE;
				CLANG_WARN_UNREACHABLE_CODE = YES;
				CLANG_WARN__DUPLICATE_METHOD_MATCH = YES;
				COPY_PHASE_STRIP = NO;
				DEBUG_INFORMATION_FORMAT = dwarf;
				ENABLE_STRICT_OBJC_MSGSEND = YES;
				ENABLE_TESTABILITY = YES;
				GCC_C_LANGUAGE_STANDARD = gnu11;
				GCC_DYNAMIC_NO_PIC = NO;
				GCC_NO_COMMON_BLOCKS = YES;
				GCC_OPTIMIZATION_LEVEL = 0;
				GCC_PREPROCESSOR_DEFINITIONS = (
					"DEBUG=1",
					"$(inherited)",
				);
				GCC_WARN_64_TO_32_BIT_CONVERSION = YES;
				GCC_WARN_ABOUT_RETURN_TYPE = YES_ERROR;
				GCC_WARN_UNDECLARED_SELECTOR = YES;
				GCC_WARN_UNINITIALIZED_AUTOS = YES_AGGRESSIVE;
				GCC_WARN_UNUSED_FUNCTION = YES;
				GCC_WARN_UNUSED_VARIABLE = YES;
				IPHONEOS_DEPLOYMENT_TARGET = 14.0;
				MTL_ENABLE_DEBUG_INFO = INCLUDE_SOURCE;
				MTL_FAST_MATH = YES;
				ONLY_ACTIVE_ARCH = YES;
				SDKROOT = iphoneos;
				SWIFT_ACTIVE_COMPILATION_CONDITIONS = DEBUG;
				SWIFT_OPTIMIZATION_LEVEL = "-Onone";
			};
			name = Debug;
		};
		1E544ED4252C72EA00EA0BC1 /* Release */ = {
			isa = XCBuildConfiguration;
			buildSettings = {
				ALWAYS_SEARCH_USER_PATHS = NO;
				CLANG_ANALYZER_NONNULL = YES;
				CLANG_ANALYZER_NUMBER_OBJECT_CONVERSION = YES_AGGRESSIVE;
				CLANG_CXX_LANGUAGE_STANDARD = "gnu++14";
				CLANG_CXX_LIBRARY = "libc++";
				CLANG_ENABLE_MODULES = YES;
				CLANG_ENABLE_OBJC_ARC = YES;
				CLANG_ENABLE_OBJC_WEAK = YES;
				CLANG_WARN_BLOCK_CAPTURE_AUTORELEASING = YES;
				CLANG_WARN_BOOL_CONVERSION = YES;
				CLANG_WARN_COMMA = YES;
				CLANG_WARN_CONSTANT_CONVERSION = YES;
				CLANG_WARN_DEPRECATED_OBJC_IMPLEMENTATIONS = YES;
				CLANG_WARN_DIRECT_OBJC_ISA_USAGE = YES_ERROR;
				CLANG_WARN_DOCUMENTATION_COMMENTS = YES;
				CLANG_WARN_EMPTY_BODY = YES;
				CLANG_WARN_ENUM_CONVERSION = YES;
				CLANG_WARN_INFINITE_RECURSION = YES;
				CLANG_WARN_INT_CONVERSION = YES;
				CLANG_WARN_NON_LITERAL_NULL_CONVERSION = YES;
				CLANG_WARN_OBJC_IMPLICIT_RETAIN_SELF = YES;
				CLANG_WARN_OBJC_LITERAL_CONVERSION = YES;
				CLANG_WARN_OBJC_ROOT_CLASS = YES_ERROR;
				CLANG_WARN_QUOTED_INCLUDE_IN_FRAMEWORK_HEADER = YES;
				CLANG_WARN_RANGE_LOOP_ANALYSIS = YES;
				CLANG_WARN_STRICT_PROTOTYPES = YES;
				CLANG_WARN_SUSPICIOUS_MOVE = YES;
				CLANG_WARN_UNGUARDED_AVAILABILITY = YES_AGGRESSIVE;
				CLANG_WARN_UNREACHABLE_CODE = YES;
				CLANG_WARN__DUPLICATE_METHOD_MATCH = YES;
				COPY_PHASE_STRIP = NO;
				DEBUG_INFORMATION_FORMAT = "dwarf-with-dsym";
				ENABLE_NS_ASSERTIONS = NO;
				ENABLE_STRICT_OBJC_MSGSEND = YES;
				GCC_C_LANGUAGE_STANDARD = gnu11;
				GCC_NO_COMMON_BLOCKS = YES;
				GCC_WARN_64_TO_32_BIT_CONVERSION = YES;
				GCC_WARN_ABOUT_RETURN_TYPE = YES_ERROR;
				GCC_WARN_UNDECLARED_SELECTOR = YES;
				GCC_WARN_UNINITIALIZED_AUTOS = YES_AGGRESSIVE;
				GCC_WARN_UNUSED_FUNCTION = YES;
				GCC_WARN_UNUSED_VARIABLE = YES;
				IPHONEOS_DEPLOYMENT_TARGET = 14.0;
				MTL_ENABLE_DEBUG_INFO = NO;
				MTL_FAST_MATH = YES;
				SDKROOT = iphoneos;
				SWIFT_COMPILATION_MODE = wholemodule;
				SWIFT_OPTIMIZATION_LEVEL = "-O";
				VALIDATE_PRODUCT = YES;
			};
			name = Release;
		};
		1E544ED6252C72EA00EA0BC1 /* Debug */ = {
			isa = XCBuildConfiguration;
			buildSettings = {
				ASSETCATALOG_COMPILER_APPICON_NAME = AppIcon;
				ASSETCATALOG_COMPILER_GLOBAL_ACCENT_COLOR_NAME = AccentColor;
				CODE_SIGN_STYLE = Automatic;
				DEVELOPMENT_TEAM = U86R6SS748;
				INFOPLIST_FILE = AlarStudiosTestProjectApp/Info.plist;
				LD_RUNPATH_SEARCH_PATHS = (
					"$(inherited)",
					"@executable_path/Frameworks",
				);
				PRODUCT_BUNDLE_IDENTIFIER = kikiwora.AlarStudiosTestProjectApp;
				PRODUCT_NAME = "$(TARGET_NAME)";
				SWIFT_VERSION = 5.0;
				TARGETED_DEVICE_FAMILY = "1,2";
			};
			name = Debug;
		};
		1E544ED7252C72EA00EA0BC1 /* Release */ = {
			isa = XCBuildConfiguration;
			buildSettings = {
				ASSETCATALOG_COMPILER_APPICON_NAME = AppIcon;
				ASSETCATALOG_COMPILER_GLOBAL_ACCENT_COLOR_NAME = AccentColor;
				CODE_SIGN_STYLE = Automatic;
				DEVELOPMENT_TEAM = U86R6SS748;
				INFOPLIST_FILE = AlarStudiosTestProjectApp/Info.plist;
				LD_RUNPATH_SEARCH_PATHS = (
					"$(inherited)",
					"@executable_path/Frameworks",
				);
				PRODUCT_BUNDLE_IDENTIFIER = kikiwora.AlarStudiosTestProjectApp;
				PRODUCT_NAME = "$(TARGET_NAME)";
				SWIFT_VERSION = 5.0;
				TARGETED_DEVICE_FAMILY = "1,2";
			};
			name = Release;
		};
		1E544ED9252C72EA00EA0BC1 /* Debug */ = {
			isa = XCBuildConfiguration;
			buildSettings = {
				ALWAYS_EMBED_SWIFT_STANDARD_LIBRARIES = YES;
				BUNDLE_LOADER = "$(TEST_HOST)";
				CODE_SIGN_STYLE = Automatic;
				DEVELOPMENT_TEAM = U86R6SS748;
				INFOPLIST_FILE = AlarStudiosTestProjectAppTests/Info.plist;
				IPHONEOS_DEPLOYMENT_TARGET = 14.0;
				LD_RUNPATH_SEARCH_PATHS = (
					"$(inherited)",
					"@executable_path/Frameworks",
					"@loader_path/Frameworks",
				);
				PRODUCT_BUNDLE_IDENTIFIER = kikiwora.AlarStudiosTestProjectAppTests;
				PRODUCT_NAME = "$(TARGET_NAME)";
				SWIFT_VERSION = 5.0;
				TARGETED_DEVICE_FAMILY = "1,2";
				TEST_HOST = "$(BUILT_PRODUCTS_DIR)/AlarStudiosTestProjectApp.app/AlarStudiosTestProjectApp";
			};
			name = Debug;
		};
		1E544EDA252C72EA00EA0BC1 /* Release */ = {
			isa = XCBuildConfiguration;
			buildSettings = {
				ALWAYS_EMBED_SWIFT_STANDARD_LIBRARIES = YES;
				BUNDLE_LOADER = "$(TEST_HOST)";
				CODE_SIGN_STYLE = Automatic;
				DEVELOPMENT_TEAM = U86R6SS748;
				INFOPLIST_FILE = AlarStudiosTestProjectAppTests/Info.plist;
				IPHONEOS_DEPLOYMENT_TARGET = 14.0;
				LD_RUNPATH_SEARCH_PATHS = (
					"$(inherited)",
					"@executable_path/Frameworks",
					"@loader_path/Frameworks",
				);
				PRODUCT_BUNDLE_IDENTIFIER = kikiwora.AlarStudiosTestProjectAppTests;
				PRODUCT_NAME = "$(TARGET_NAME)";
				SWIFT_VERSION = 5.0;
				TARGETED_DEVICE_FAMILY = "1,2";
				TEST_HOST = "$(BUILT_PRODUCTS_DIR)/AlarStudiosTestProjectApp.app/AlarStudiosTestProjectApp";
			};
			name = Release;
		};
		1E544EDC252C72EA00EA0BC1 /* Debug */ = {
			isa = XCBuildConfiguration;
			buildSettings = {
				ALWAYS_EMBED_SWIFT_STANDARD_LIBRARIES = YES;
				CODE_SIGN_STYLE = Automatic;
				DEVELOPMENT_TEAM = U86R6SS748;
				INFOPLIST_FILE = AlarStudiosTestProjectAppUITests/Info.plist;
				LD_RUNPATH_SEARCH_PATHS = (
					"$(inherited)",
					"@executable_path/Frameworks",
					"@loader_path/Frameworks",
				);
				PRODUCT_BUNDLE_IDENTIFIER = kikiwora.AlarStudiosTestProjectAppUITests;
				PRODUCT_NAME = "$(TARGET_NAME)";
				SWIFT_VERSION = 5.0;
				TARGETED_DEVICE_FAMILY = "1,2";
				TEST_TARGET_NAME = AlarStudiosTestProjectApp;
			};
			name = Debug;
		};
		1E544EDD252C72EA00EA0BC1 /* Release */ = {
			isa = XCBuildConfiguration;
			buildSettings = {
				ALWAYS_EMBED_SWIFT_STANDARD_LIBRARIES = YES;
				CODE_SIGN_STYLE = Automatic;
				DEVELOPMENT_TEAM = U86R6SS748;
				INFOPLIST_FILE = AlarStudiosTestProjectAppUITests/Info.plist;
				LD_RUNPATH_SEARCH_PATHS = (
					"$(inherited)",
					"@executable_path/Frameworks",
					"@loader_path/Frameworks",
				);
				PRODUCT_BUNDLE_IDENTIFIER = kikiwora.AlarStudiosTestProjectAppUITests;
				PRODUCT_NAME = "$(TARGET_NAME)";
				SWIFT_VERSION = 5.0;
				TARGETED_DEVICE_FAMILY = "1,2";
				TEST_TARGET_NAME = AlarStudiosTestProjectApp;
			};
			name = Release;
		};
/* End XCBuildConfiguration section */

/* Begin XCConfigurationList section */
		1E544EA6252C72E600EA0BC1 /* Build configuration list for PBXProject "AlarStudiosTestProjectApp" */ = {
			isa = XCConfigurationList;
			buildConfigurations = (
				1E544ED3252C72EA00EA0BC1 /* Debug */,
				1E544ED4252C72EA00EA0BC1 /* Release */,
			);
			defaultConfigurationIsVisible = 0;
			defaultConfigurationName = Release;
		};
		1E544ED5252C72EA00EA0BC1 /* Build configuration list for PBXNativeTarget "AlarStudiosTestProjectApp" */ = {
			isa = XCConfigurationList;
			buildConfigurations = (
				1E544ED6252C72EA00EA0BC1 /* Debug */,
				1E544ED7252C72EA00EA0BC1 /* Release */,
			);
			defaultConfigurationIsVisible = 0;
			defaultConfigurationName = Release;
		};
		1E544ED8252C72EA00EA0BC1 /* Build configuration list for PBXNativeTarget "AlarStudiosTestProjectAppTests" */ = {
			isa = XCConfigurationList;
			buildConfigurations = (
				1E544ED9252C72EA00EA0BC1 /* Debug */,
				1E544EDA252C72EA00EA0BC1 /* Release */,
			);
			defaultConfigurationIsVisible = 0;
			defaultConfigurationName = Release;
		};
		1E544EDB252C72EA00EA0BC1 /* Build configuration list for PBXNativeTarget "AlarStudiosTestProjectAppUITests" */ = {
			isa = XCConfigurationList;
			buildConfigurations = (
				1E544EDC252C72EA00EA0BC1 /* Debug */,
				1E544EDD252C72EA00EA0BC1 /* Release */,
			);
			defaultConfigurationIsVisible = 0;
			defaultConfigurationName = Release;
		};
/* End XCConfigurationList section */
	};
	rootObject = 1E544EA3252C72E600EA0BC1 /* Project object */;
}
